// !$*UTF8*$!
{
	archiveVersion = 1;
	classes = {
	};
	objectVersion = 77;
	objects = {

/* Begin PBXBuildFile section */
		01CE7FC3DAB405E16E649539 /* PoolPreferencesSheet.swift in Sources */ = {isa = PBXBuildFile; fileRef = B40B4D23AB5AB92F7EAFA85F /* PoolPreferencesSheet.swift */; };
		02CF03B05D43B2FDFBF24D79 /* ModerationStatusView.swift in Sources */ = {isa = PBXBuildFile; fileRef = 6A54E2DBDBDD26A5621EA0DF /* ModerationStatusView.swift */; };
		0559667A8EE3E1500C672852 /* QuestionnaireView.swift in Sources */ = {isa = PBXBuildFile; fileRef = D52BF30ACDBDEDDF625442AF /* QuestionnaireView.swift */; };
		0B2CE6E7F6CDABB1A756E932 /* Timer.swift in Sources */ = {isa = PBXBuildFile; fileRef = BD3238C00E384EDAD1737DD2 /* Timer.swift */; };
		0BD4E6F1CE655DF5574814F3 /* PoolDetailView.swift in Sources */ = {isa = PBXBuildFile; fileRef = 252BC757EE8C84115FA628C8 /* PoolDetailView.swift */; };
		0F95ADE898655BC66AD01B1B /* ErrorView.swift in Sources */ = {isa = PBXBuildFile; fileRef = 3ABBEFF766EB9498420B4750 /* ErrorView.swift */; };
		1208FC448D2EF04E70979C22 /* ProfileService.swift in Sources */ = {isa = PBXBuildFile; fileRef = 6189D54FEAD718CEE5566B00 /* ProfileService.swift */; };
		13A7DE7A9FF077C5359881A6 /* SagaTests.swift in Sources */ = {isa = PBXBuildFile; fileRef = 341ED281123034C24EA03A9C /* SagaTests.swift */; };
		141B37206F37DE1EAA73E881 /* CreateAvailabilitySheet.swift in Sources */ = {isa = PBXBuildFile; fileRef = B5123C50512402818DB7F33D /* CreateAvailabilitySheet.swift */; };
		1436FB84EFD8D5D8C2CF399E /* VoteListView.swift in Sources */ = {isa = PBXBuildFile; fileRef = BD3E3C94B440073E94AACEF1 /* VoteListView.swift */; };
		14AF40C71C890EF839ED2911 /* CreateEventPage.swift in Sources */ = {isa = PBXBuildFile; fileRef = DDFFDAFA876B9BFBDA14945D /* CreateEventPage.swift */; };
		176CE54DB34C50C7AA50E1A0 /* Event.swift in Sources */ = {isa = PBXBuildFile; fileRef = C9356B73D86025365A2E1FCF /* Event.swift */; };
		17CD47560B092F886558F498 /* APIClient+Events.swift in Sources */ = {isa = PBXBuildFile; fileRef = BDE516395CD300C026954CC1 /* APIClient+Events.swift */; };
		1AFA82B9CE9FA85393895A52 /* ProfileEditView.swift in Sources */ = {isa = PBXBuildFile; fileRef = F6D70E88B8293F1121A5F776 /* ProfileEditView.swift */; };
		1C801459649E104DED0D2425 /* SequentialUserTests.swift in Sources */ = {isa = PBXBuildFile; fileRef = 3F9719FA30711949300472BB /* SequentialUserTests.swift */; };
		1DCA6C78892D94E7D9056A62 /* Activity.swift in Sources */ = {isa = PBXBuildFile; fileRef = D1211404A7DD3280896E1E76 /* Activity.swift */; };
		1F0736C63257E711906CD132 /* VoteTests.swift in Sources */ = {isa = PBXBuildFile; fileRef = 610EAFED862731D2FB6B6138 /* VoteTests.swift */; };
		2153234C9D37A1755A3C36D3 /* APIClient+People.swift in Sources */ = {isa = PBXBuildFile; fileRef = AAA4539B7068FFEF725A8276 /* APIClient+People.swift */; };
		23EE520D6CC98578E6F5620C /* NearbyAvailabilityView.swift in Sources */ = {isa = PBXBuildFile; fileRef = D3CD00DAB64ECD4BDFF59E63 /* NearbyAvailabilityView.swift */; };
		276C10BA999EF9AB1E4850CF /* AccountSettingsView.swift in Sources */ = {isa = PBXBuildFile; fileRef = 3095AF696068572CEB1723CE /* AccountSettingsView.swift */; };
		2B4135CC5646441FF350F3B1 /* GuildListPage.swift in Sources */ = {isa = PBXBuildFile; fileRef = D37FCCE12A17640992046670 /* GuildListPage.swift */; };
		2C7163181F42F5DDF3D8E6C9 /* LoginTests.swift in Sources */ = {isa = PBXBuildFile; fileRef = B249CA406CDF6DE0E2BBF36E /* LoginTests.swift */; };
		2EF959B73B82501976856048 /* APIClient+Auth.swift in Sources */ = {isa = PBXBuildFile; fileRef = 47B8FDF9F7AE67DEC1DB5A81 /* APIClient+Auth.swift */; };
		30A3749EEBE326A6C0902DE6 /* Interest.swift in Sources */ = {isa = PBXBuildFile; fileRef = 25982FA94D3430542F3AFE03 /* Interest.swift */; };
		30F73BAED1FD1468C9E1098E /* SagaApp.swift in Sources */ = {isa = PBXBuildFile; fileRef = 524233C448BD4DF3F1824F1C /* SagaApp.swift */; };
		31700E28BDAF8BD8BCED7235 /* Adventure.swift in Sources */ = {isa = PBXBuildFile; fileRef = 1FD65E0535492732CA3B8B30 /* Adventure.swift */; };
		31D7C7982477D981369DB3CE /* GuildListView.swift in Sources */ = {isa = PBXBuildFile; fileRef = 95CA86643EEB35CD868C6E0F /* GuildListView.swift */; };
		35AE8B21AC615D0B686862AA /* TrustManagementView.swift in Sources */ = {isa = PBXBuildFile; fileRef = 844BAA51B4F9E3C031D988B8 /* TrustManagementView.swift */; };
		37B3F6CDF5A9B2521B5FC175 /* CreatePoolSheet.swift in Sources */ = {isa = PBXBuildFile; fileRef = B10DE9E17435276A1BE3EB01 /* CreatePoolSheet.swift */; };
		37FD241CF93EBF413132650C /* APIClient+Social.swift in Sources */ = {isa = PBXBuildFile; fileRef = EF366A8139BF9A0332EDDC40 /* APIClient+Social.swift */; };
		3AC14857E91526BD475183C2 /* DiscoverView.swift in Sources */ = {isa = PBXBuildFile; fileRef = 54F08C9C06E1C1B730DD6245 /* DiscoverView.swift */; };
		404D2E7458A6DCAB3D8B55A5 /* ResonanceLeaderboardView.swift in Sources */ = {isa = PBXBuildFile; fileRef = 423DBAF132EFDD0205F12B5C /* ResonanceLeaderboardView.swift */; };
		4186BEFE06A07EC995844B05 /* SagaUITestCase.swift in Sources */ = {isa = PBXBuildFile; fileRef = 3E73084D72CDC4C0331E5A5B /* SagaUITestCase.swift */; };
		49C82B7E1D60CD595C3B3028 /* BlockedUsersView.swift in Sources */ = {isa = PBXBuildFile; fileRef = 2E2C183EA5F9C6F792B78496 /* BlockedUsersView.swift */; };
		4BC37D55E20163C348FFF521 /* RequestIRLView.swift in Sources */ = {isa = PBXBuildFile; fileRef = CB27088F65FE7E10F2A330C4 /* RequestIRLView.swift */; };
		4C83EEFD7B678A15BFDDCF28 /* PublicProfileView.swift in Sources */ = {isa = PBXBuildFile; fileRef = 62998995BB0B38C56BB4A4D6 /* PublicProfileView.swift */; };
		4D2139225AE4E09E203EE7F2 /* AdventureTests.swift in Sources */ = {isa = PBXBuildFile; fileRef = 69435212CED40D708CD41254 /* AdventureTests.swift */; };
		4F44A5112061FA8D2D44A200 /* InterestsView.swift in Sources */ = {isa = PBXBuildFile; fileRef = 6E69CB3F23FE0A8AAE256446 /* InterestsView.swift */; };
		4FBE0B22C6C38282E55E218A /* DiscoverPage.swift in Sources */ = {isa = PBXBuildFile; fileRef = 66D5E03E87793488EBCB194D /* DiscoverPage.swift */; };
		518E83ADF016E58A096CF273 /* PKCEHelper.swift in Sources */ = {isa = PBXBuildFile; fileRef = DB855CE26B00CAF20FA0C271 /* PKCEHelper.swift */; };
		51B2FCBB0D419DE86CE0586D /* BasePage.swift in Sources */ = {isa = PBXBuildFile; fileRef = B32C0CD8987149E5E3AAD6F7 /* BasePage.swift */; };
		53939323225982D08270D8C8 /* ProfileTests.swift in Sources */ = {isa = PBXBuildFile; fileRef = FF21A8049A3496F58443544F /* ProfileTests.swift */; };
		54B8E711B07DFFD72A3CC637 /* AvailabilityListView.swift in Sources */ = {isa = PBXBuildFile; fileRef = A999E7CEA5DA1B0A6FA8B8B5 /* AvailabilityListView.swift */; };
		57EF0368602D36F286B4A1C8 /* PoolListView.swift in Sources */ = {isa = PBXBuildFile; fileRef = 4697E63C7D12348D040BE1D8 /* PoolListView.swift */; };
		58DB2C7E9BB0CF2CBB1C3659 /* CreateEventSheet.swift in Sources */ = {isa = PBXBuildFile; fileRef = E1059B7BE6E11D88F50F0E83 /* CreateEventSheet.swift */; };
		5A02F60324215258B5C76BD3 /* Questionnaire.swift in Sources */ = {isa = PBXBuildFile; fileRef = 29DF7F54CFF978E328EC7557 /* Questionnaire.swift */; };
		5F033E7EFD0F1CD1D2BA9F77 /* RoleCatalog.swift in Sources */ = {isa = PBXBuildFile; fileRef = 377327F3A3C854ED049ACCF5 /* RoleCatalog.swift */; };
		5FDBBDF7C2239665F869B77D /* Data+Base64URL.swift in Sources */ = {isa = PBXBuildFile; fileRef = 2714A764ED522B325F56E096 /* Data+Base64URL.swift */; };
		61D3A25B9CE8286524C8B490 /* DebugSettingsView.swift in Sources */ = {isa = PBXBuildFile; fileRef = 9CD4FC979B6C511F082F4198 /* DebugSettingsView.swift */; };
		63E420E08FCD083D00313CED /* Availability.swift in Sources */ = {isa = PBXBuildFile; fileRef = CAF192B9FBFC495A440D0C6D /* Availability.swift */; };
		6541638B56380FD8E58A88AD /* CreateAdventureSheet.swift in Sources */ = {isa = PBXBuildFile; fileRef = 11A5E147033F36711A74B613 /* CreateAdventureSheet.swift */; };
		671FE794C1946B0BC1A3E7AD /* SettingsView.swift in Sources */ = {isa = PBXBuildFile; fileRef = 7A85B5F7273F340746E17AA5 /* SettingsView.swift */; };
		68B1B3274079CA31A5FD0E85 /* LoginHelper.swift in Sources */ = {isa = PBXBuildFile; fileRef = F9114025E1978B87254D5AD3 /* LoginHelper.swift */; };
		72A76C53A7E5611230B1AC5B /* AccessibilityIdentifiers.swift in Sources */ = {isa = PBXBuildFile; fileRef = 58571A5A29E98F2E1D78CCC8 /* AccessibilityIdentifiers.swift */; };
		735856B20A9CFD814CADAB15 /* GuildService.swift in Sources */ = {isa = PBXBuildFile; fileRef = 61DA91CE5470FD0F1C98CF33 /* GuildService.swift */; };
		74BD97F2F62E07740CEDBA4D /* EventDetailView.swift in Sources */ = {isa = PBXBuildFile; fileRef = BA652D071C0CEE70213C21BA /* EventDetailView.swift */; };
		7940EA3B986693A887E57B0E /* PasskeyService.swift in Sources */ = {isa = PBXBuildFile; fileRef = 51EC7235D9224904EEDB816C /* PasskeyService.swift */; };
		798AF65F5A37CF87EACF1DF7 /* Environment.swift in Sources */ = {isa = PBXBuildFile; fileRef = 53EB6D878280AD0568F5F6B9 /* Environment.swift */; };
		7F4F6220D37AAAF715039E2D /* Pool.swift in Sources */ = {isa = PBXBuildFile; fileRef = 20F5176FDE783B6F97D4C27C /* Pool.swift */; };
		803F0EAE80A0C32BD624AB9A /* EventListTests.swift in Sources */ = {isa = PBXBuildFile; fileRef = F23969A2800B01E2C77D57AA /* EventListTests.swift */; };
		80D4A23037515671952891D6 /* AppState.swift in Sources */ = {isa = PBXBuildFile; fileRef = 44CC14B6ECE081A9FBC5A2AD /* AppState.swift */; };
		829AFFB2EA7895898AAEEB72 /* CastBallotView.swift in Sources */ = {isa = PBXBuildFile; fileRef = 378B5CDF7268189433B38964 /* CastBallotView.swift */; };
		834E25801CF9FF0481592391 /* ContentView.swift in Sources */ = {isa = PBXBuildFile; fileRef = 79C0DC18139D42D34F930CB0 /* ContentView.swift */; };
		84A95347F4120DFAB2B7F5A3 /* SSEClient.swift in Sources */ = {isa = PBXBuildFile; fileRef = C1EA6F442DE07A08DBF66B18 /* SSEClient.swift */; };
		84D0B036C7124006B2E4358D /* APIError.swift in Sources */ = {isa = PBXBuildFile; fileRef = 3FC3D2155D0C0321BE6E581B /* APIError.swift */; };
		87672D34E3F2C2539DEE5442 /* Person.swift in Sources */ = {isa = PBXBuildFile; fileRef = 6B63E5AD7116AAF0CA11C846 /* Person.swift */; };
		884DCE95B8173DA3C28FCF1A /* AddInterestSheet.swift in Sources */ = {isa = PBXBuildFile; fileRef = 36652CB6E9AF954613FC5F6F /* AddInterestSheet.swift */; };
		89798D51BD9B129D45CAEC92 /* VoteDetailView.swift in Sources */ = {isa = PBXBuildFile; fileRef = 107F0497B08153AD45AEB47B /* VoteDetailView.swift */; };
		8993568C5A54015B5C24BD30 /* TestUsers.swift in Sources */ = {isa = PBXBuildFile; fileRef = FB59CDD1EB1F07A8EB0CBCBB /* TestUsers.swift */; };
		89D48BED7A6B82D59C630944 /* CoreJourneyTests.swift in Sources */ = {isa = PBXBuildFile; fileRef = BE9AEAD2BD805DAE06DC8341 /* CoreJourneyTests.swift */; };
		8A1A56279F844679B250F175 /* TabBarPage.swift in Sources */ = {isa = PBXBuildFile; fileRef = F442F88F481335B6858779D1 /* TabBarPage.swift */; };
		909CC3B09B8E33E65709415D /* APIClientTests.swift in Sources */ = {isa = PBXBuildFile; fileRef = 4E1E8DCC7EAB0495FF576737 /* APIClientTests.swift */; };
		90CB306F12C2F6FB5910D9E0 /* RealTimeSyncTests.swift in Sources */ = {isa = PBXBuildFile; fileRef = EE0216D5F5A3FB8124A49A57 /* RealTimeSyncTests.swift */; };
		90D0F79D8DB7D6C80ECB96B3 /* APIClient+Moderation.swift in Sources */ = {isa = PBXBuildFile; fileRef = A7B8FCBA98FDF1E606B3A232 /* APIClient+Moderation.swift */; };
		96A05E7BFA91776A49C3EE8E /* DiscoveryTests.swift in Sources */ = {isa = PBXBuildFile; fileRef = FC4E9B80B312DB9FDC3F82D7 /* DiscoveryTests.swift */; };
		96A2E64FCAA0F43ACA75237C /* KeychainAccess in Frameworks */ = {isa = PBXBuildFile; productRef = ABCF0FD44C55153B8E94FEBA /* KeychainAccess */; };
		97FEAFDFEBF6F5249CD186FF /* PrivacySettingsView.swift in Sources */ = {isa = PBXBuildFile; fileRef = 73CD300B56290FC3C27909AC /* PrivacySettingsView.swift */; };
		9A41FBC320BD29CB4804ADE1 /* APIClient+Discovery.swift in Sources */ = {isa = PBXBuildFile; fileRef = 2A2BD29251A9C46BE1331696 /* APIClient+Discovery.swift */; };
		9B4BC84C7E2E1C18DB01E6BC /* Review.swift in Sources */ = {isa = PBXBuildFile; fileRef = 96C1AD352F5B7E59DED30A04 /* Review.swift */; };
		9BBE5CF1947D45E5E46DE563 /* TestConfiguration.swift in Sources */ = {isa = PBXBuildFile; fileRef = 517CC5A51B676DF8CBC047E8 /* TestConfiguration.swift */; };
		A164C24DF28BAC6AB67AF06C /* DiscoveryService.swift in Sources */ = {isa = PBXBuildFile; fileRef = B1BEFD19CADCCD31432D3979 /* DiscoveryService.swift */; };
		A1A4691FCC38A736B2EF3545 /* Profile.swift in Sources */ = {isa = PBXBuildFile; fileRef = 2374811E6D4E36F1B77CAFD5 /* Profile.swift */; };
		A34119AA9938A041B171896C /* LoadingView.swift in Sources */ = {isa = PBXBuildFile; fileRef = FF83B5FFDC8F2A1ACFCC400E /* LoadingView.swift */; };
		A62C64BACE5EC56F0B713A11 /* EventListView.swift in Sources */ = {isa = PBXBuildFile; fileRef = 7C3E2100021D963CEA408149 /* EventListView.swift */; };
		A976C8CA72E2F217BD36F181 /* TimerCard.swift in Sources */ = {isa = PBXBuildFile; fileRef = DD814FC5B28C71C780331707 /* TimerCard.swift */; };
		AA1176DC3D6503CDB838B995 /* AdventureListView.swift in Sources */ = {isa = PBXBuildFile; fileRef = EAA0AB11C73B036A1B4003BA /* AdventureListView.swift */; };
		AB14A5897EE570BED293F63A /* APIClient+Guilds.swift in Sources */ = {isa = PBXBuildFile; fileRef = 1E9FDD726E359F20871336DC /* APIClient+Guilds.swift */; };
		AEAE6ED76E2FE90DF2D52814 /* ResonanceView.swift in Sources */ = {isa = PBXBuildFile; fileRef = 64BD03BC2FD941E572109A2C /* ResonanceView.swift */; };
		AF3235F38AF5E9E2BA3F43E2 /* AuthRequests.swift in Sources */ = {isa = PBXBuildFile; fileRef = 0704DC3AA1A67FCBD011ECF8 /* AuthRequests.swift */; };
		B17C8D687C56112F25B5C1A9 /* QuestionnaireListView.swift in Sources */ = {isa = PBXBuildFile; fileRef = 2B5512BCF1DE7ABCF4937351 /* QuestionnaireListView.swift */; };
		B18B72B025B335178099BA6A /* WaitHelpers.swift in Sources */ = {isa = PBXBuildFile; fileRef = 9797E220BE76FBB930E5F538 /* WaitHelpers.swift */; };
		B469DFB2BBF464287309868C /* PersonDetailView.swift in Sources */ = {isa = PBXBuildFile; fileRef = 90A6675DC9843A6F5A24BC5A /* PersonDetailView.swift */; };
		B536ECEA27F6BE42D07DCEFA /* AppearanceSettingsView.swift in Sources */ = {isa = PBXBuildFile; fileRef = 3CA3F4D60B0F1ECC0153B650 /* AppearanceSettingsView.swift */; };
		B9E8FC4AEC78A738212A7836 /* Resonance.swift in Sources */ = {isa = PBXBuildFile; fileRef = C458E6458119A6B26FC05943 /* Resonance.swift */; };
		BB5CE64832B53794D6ED21FB /* EmptyStateView.swift in Sources */ = {isa = PBXBuildFile; fileRef = 1D875D1F7317A007AF467F10 /* EmptyStateView.swift */; };
		C20A3C9EAAD7FEC20DEDDAC0 /* EventRole.swift in Sources */ = {isa = PBXBuildFile; fileRef = 48F9A25A5198E5C0861195DE /* EventRole.swift */; };
		C329D05CB68ABC8FB9EF0602 /* APIClient.swift in Sources */ = {isa = PBXBuildFile; fileRef = 8000CA445296190E67AFA0C1 /* APIClient.swift */; };
		C482979DD6DFFAE0CDDFCF90 /* EventListPage.swift in Sources */ = {isa = PBXBuildFile; fileRef = 3A37890BCFB329BCF27B87AC /* EventListPage.swift */; };
		C4B9B6759FA7B0C014FEEC47 /* AuthPage.swift in Sources */ = {isa = PBXBuildFile; fileRef = 23A6640DAC5775D9A266094A /* AuthPage.swift */; };
		C91FBD2CAE30EA53BCA5B209 /* ReportUserSheet.swift in Sources */ = {isa = PBXBuildFile; fileRef = 3B5E39C875EBDA43F170C160 /* ReportUserSheet.swift */; };
		C9605944BBA2666DE14C93D1 /* Guild.swift in Sources */ = {isa = PBXBuildFile; fileRef = 3F43AA125A202CDF6DC490B4 /* Guild.swift */; };
		CAD17574227A0E84B24D2192 /* AuthService.swift in Sources */ = {isa = PBXBuildFile; fileRef = 9FFA5FBB486BD32D1CAEC906 /* AuthService.swift */; };
		CD3447E424AED87F20D3BCB3 /* DualAppTests.swift in Sources */ = {isa = PBXBuildFile; fileRef = 03612FB4CFAF940C31E770D0 /* DualAppTests.swift */; };
		CE7300593361B686DBC9B262 /* User.swift in Sources */ = {isa = PBXBuildFile; fileRef = 2D07EB62A1D8C41DDB4ADBE9 /* User.swift */; };
		CFE2ED475CC39041832272EA /* Trust.swift in Sources */ = {isa = PBXBuildFile; fileRef = 55D45B51975E3ABC448B7CCB /* Trust.swift */; };
		DC4E506728022F91D59B4836 /* AboutView.swift in Sources */ = {isa = PBXBuildFile; fileRef = 4406964C1B5E897D1968E3AB /* AboutView.swift */; };
		DE4C74F6D5F4D6DFEA4D05AB /* Vote.swift in Sources */ = {isa = PBXBuildFile; fileRef = 81FF512DB9BC9BABC5C1182F /* Vote.swift */; };
		DE814BFB5D390BB93016BB5B /* GuildDetailView.swift in Sources */ = {isa = PBXBuildFile; fileRef = 20852124EA56E45364F05514 /* GuildDetailView.swift */; };
		E1E35E85E601A8F1BB72DB66 /* APIClient+Advanced.swift in Sources */ = {isa = PBXBuildFile; fileRef = D13D336FE09BFD9BDDB13BB0 /* APIClient+Advanced.swift */; };
		E325BC39C098DF9644312B2C /* MultiAppHelper.swift in Sources */ = {isa = PBXBuildFile; fileRef = C9B9CAEFB0C6E09ED0E3A634 /* MultiAppHelper.swift */; };
		E3672805C15030963051FCA8 /* AuthServiceTests.swift in Sources */ = {isa = PBXBuildFile; fileRef = A88CB79E1109927AFAFAC241 /* AuthServiceTests.swift */; };
		E73673103F7C83881E328B63 /* GuildListTests.swift in Sources */ = {isa = PBXBuildFile; fileRef = 4DFAFB6829C79DE57474CA8C /* GuildListTests.swift */; };
		E7569D4882122459C36A16FC /* AuthView.swift in Sources */ = {isa = PBXBuildFile; fileRef = 9CCA7100B27A518A3F8CFBC7 /* AuthView.swift */; };
		E870BDB892A4F7CDB80E5AED /* Block.swift in Sources */ = {isa = PBXBuildFile; fileRef = 687B5ADC8F363BDA40C03BBB /* Block.swift */; };
		EAFBD4F3CD84BDFBA8B6BF46 /* BlockUserSheet.swift in Sources */ = {isa = PBXBuildFile; fileRef = ECF6C3D7EBA63778E764C37E /* BlockUserSheet.swift */; };
		EB3DB8685D770C1AB96A2498 /* GrantTrustView.swift in Sources */ = {isa = PBXBuildFile; fileRef = 7F6B84B524B37C9B4F6D39AF /* GrantTrustView.swift */; };
		EC8610227F51290B893ECD9F /* TrustTests.swift in Sources */ = {isa = PBXBuildFile; fileRef = F6F4669F089CF93701A3F597 /* TrustTests.swift */; };
		EF18D7E65365A358C6CDD9AA /* PasskeySetupView.swift in Sources */ = {isa = PBXBuildFile; fileRef = CA2C7B37C57CF5529D94C40D /* PasskeySetupView.swift */; };
		F28CDF9BCB7F0F2935FA79F6 /* GuildLoadingDebugTest.swift in Sources */ = {isa = PBXBuildFile; fileRef = E80D33D91FB3D4AFBA4CEC4B /* GuildLoadingDebugTest.swift */; };
		F5082F11DE232AFDABB23813 /* PoolTests.swift in Sources */ = {isa = PBXBuildFile; fileRef = 040D773A97C58A1095AC4C41 /* PoolTests.swift */; };
		F6B221686A0DBE2CBF95590B /* GuildEventListView.swift in Sources */ = {isa = PBXBuildFile; fileRef = 1193787BBC300F1A98CEB34A /* GuildEventListView.swift */; };
		F6E5E5A253E11195897E32CE /* NotificationSettingsView.swift in Sources */ = {isa = PBXBuildFile; fileRef = 9FA83E9B7944B6ACE149E4E1 /* NotificationSettingsView.swift */; };
		F76D931971FF55968576BF27 /* CreateVoteSheet.swift in Sources */ = {isa = PBXBuildFile; fileRef = 3AB4B809CB9080D53E5F95A0 /* CreateVoteSheet.swift */; };
		FA586C8276265385213B620C /* AdventureDetailView.swift in Sources */ = {isa = PBXBuildFile; fileRef = 660421EB3DC3836B805DDCFF /* AdventureDetailView.swift */; };
		FAD40F5B0F7ECAF549FCC47B /* EventService.swift in Sources */ = {isa = PBXBuildFile; fileRef = 772FF51421537181E548639B /* EventService.swift */; };
		FBD9B7354D1A327440116DA5 /* Report.swift in Sources */ = {isa = PBXBuildFile; fileRef = 2C8D0112BF9C651144F17142 /* Report.swift */; };
		FCD01D27DE0246CD97BA8A54 /* APIResponse.swift in Sources */ = {isa = PBXBuildFile; fileRef = 12622707B0C81FB3F49BCE1F /* APIResponse.swift */; };
		FD106B579865F0DB52A4CB33 /* EventDetailPage.swift in Sources */ = {isa = PBXBuildFile; fileRef = C904EEB7A9AC65D4E9DAE415 /* EventDetailPage.swift */; };
		FE41DCBA02733B11112FCE2F /* HelpView.swift in Sources */ = {isa = PBXBuildFile; fileRef = 8BB568E0355EAD7572C585D5 /* HelpView.swift */; };
/* End PBXBuildFile section */

/* Begin PBXContainerItemProxy section */
		EE2484F331C29EBAA91F1595 /* PBXContainerItemProxy */ = {
			isa = PBXContainerItemProxy;
			containerPortal = B649681C041D8D26AD77FD65 /* Project object */;
			proxyType = 1;
			remoteGlobalIDString = E8F2EED0D73788E0023DF5AB;
			remoteInfo = Saga;
		};
		F7E886A8B992D65ECDD89C17 /* PBXContainerItemProxy */ = {
			isa = PBXContainerItemProxy;
			containerPortal = B649681C041D8D26AD77FD65 /* Project object */;
			proxyType = 1;
			remoteGlobalIDString = E8F2EED0D73788E0023DF5AB;
			remoteInfo = Saga;
		};
/* End PBXContainerItemProxy section */

/* Begin PBXFileReference section */
		03612FB4CFAF940C31E770D0 /* DualAppTests.swift */ = {isa = PBXFileReference; includeInIndex = 1; lastKnownFileType = sourcecode.swift; path = DualAppTests.swift; sourceTree = "<group>"; };
		040D773A97C58A1095AC4C41 /* PoolTests.swift */ = {isa = PBXFileReference; lastKnownFileType = sourcecode.swift; path = PoolTests.swift; sourceTree = "<group>"; };
		0704DC3AA1A67FCBD011ECF8 /* AuthRequests.swift */ = {isa = PBXFileReference; lastKnownFileType = sourcecode.swift; path = AuthRequests.swift; sourceTree = "<group>"; };
		107F0497B08153AD45AEB47B /* VoteDetailView.swift */ = {isa = PBXFileReference; lastKnownFileType = sourcecode.swift; path = VoteDetailView.swift; sourceTree = "<group>"; };
		1193787BBC300F1A98CEB34A /* GuildEventListView.swift */ = {isa = PBXFileReference; lastKnownFileType = sourcecode.swift; path = GuildEventListView.swift; sourceTree = "<group>"; };
		11A5E147033F36711A74B613 /* CreateAdventureSheet.swift */ = {isa = PBXFileReference; lastKnownFileType = sourcecode.swift; path = CreateAdventureSheet.swift; sourceTree = "<group>"; };
		12622707B0C81FB3F49BCE1F /* APIResponse.swift */ = {isa = PBXFileReference; lastKnownFileType = sourcecode.swift; path = APIResponse.swift; sourceTree = "<group>"; };
		1D875D1F7317A007AF467F10 /* EmptyStateView.swift */ = {isa = PBXFileReference; lastKnownFileType = sourcecode.swift; path = EmptyStateView.swift; sourceTree = "<group>"; };
		1E9FDD726E359F20871336DC /* APIClient+Guilds.swift */ = {isa = PBXFileReference; lastKnownFileType = sourcecode.swift; path = "APIClient+Guilds.swift"; sourceTree = "<group>"; };
		1FD65E0535492732CA3B8B30 /* Adventure.swift */ = {isa = PBXFileReference; lastKnownFileType = sourcecode.swift; path = Adventure.swift; sourceTree = "<group>"; };
		20852124EA56E45364F05514 /* GuildDetailView.swift */ = {isa = PBXFileReference; lastKnownFileType = sourcecode.swift; path = GuildDetailView.swift; sourceTree = "<group>"; };
		20F5176FDE783B6F97D4C27C /* Pool.swift */ = {isa = PBXFileReference; lastKnownFileType = sourcecode.swift; path = Pool.swift; sourceTree = "<group>"; };
		2374811E6D4E36F1B77CAFD5 /* Profile.swift */ = {isa = PBXFileReference; lastKnownFileType = sourcecode.swift; path = Profile.swift; sourceTree = "<group>"; };
		23A6640DAC5775D9A266094A /* AuthPage.swift */ = {isa = PBXFileReference; lastKnownFileType = sourcecode.swift; path = AuthPage.swift; sourceTree = "<group>"; };
		252BC757EE8C84115FA628C8 /* PoolDetailView.swift */ = {isa = PBXFileReference; lastKnownFileType = sourcecode.swift; path = PoolDetailView.swift; sourceTree = "<group>"; };
		25982FA94D3430542F3AFE03 /* Interest.swift */ = {isa = PBXFileReference; lastKnownFileType = sourcecode.swift; path = Interest.swift; sourceTree = "<group>"; };
		2714A764ED522B325F56E096 /* Data+Base64URL.swift */ = {isa = PBXFileReference; lastKnownFileType = sourcecode.swift; path = "Data+Base64URL.swift"; sourceTree = "<group>"; };
		29DF7F54CFF978E328EC7557 /* Questionnaire.swift */ = {isa = PBXFileReference; lastKnownFileType = sourcecode.swift; path = Questionnaire.swift; sourceTree = "<group>"; };
		2A2BD29251A9C46BE1331696 /* APIClient+Discovery.swift */ = {isa = PBXFileReference; lastKnownFileType = sourcecode.swift; path = "APIClient+Discovery.swift"; sourceTree = "<group>"; };
		2B5512BCF1DE7ABCF4937351 /* QuestionnaireListView.swift */ = {isa = PBXFileReference; lastKnownFileType = sourcecode.swift; path = QuestionnaireListView.swift; sourceTree = "<group>"; };
		2C8D0112BF9C651144F17142 /* Report.swift */ = {isa = PBXFileReference; lastKnownFileType = sourcecode.swift; path = Report.swift; sourceTree = "<group>"; };
		2D07EB62A1D8C41DDB4ADBE9 /* User.swift */ = {isa = PBXFileReference; lastKnownFileType = sourcecode.swift; path = User.swift; sourceTree = "<group>"; };
		2E2C183EA5F9C6F792B78496 /* BlockedUsersView.swift */ = {isa = PBXFileReference; lastKnownFileType = sourcecode.swift; path = BlockedUsersView.swift; sourceTree = "<group>"; };
		2FF292A2F9F174AA222C685E /* Saga.app */ = {isa = PBXFileReference; includeInIndex = 0; lastKnownFileType = wrapper.application; path = Saga.app; sourceTree = BUILT_PRODUCTS_DIR; };
		3095AF696068572CEB1723CE /* AccountSettingsView.swift */ = {isa = PBXFileReference; lastKnownFileType = sourcecode.swift; path = AccountSettingsView.swift; sourceTree = "<group>"; };
		341ED281123034C24EA03A9C /* SagaTests.swift */ = {isa = PBXFileReference; lastKnownFileType = sourcecode.swift; path = SagaTests.swift; sourceTree = "<group>"; };
		36652CB6E9AF954613FC5F6F /* AddInterestSheet.swift */ = {isa = PBXFileReference; lastKnownFileType = sourcecode.swift; path = AddInterestSheet.swift; sourceTree = "<group>"; };
		377327F3A3C854ED049ACCF5 /* RoleCatalog.swift */ = {isa = PBXFileReference; lastKnownFileType = sourcecode.swift; path = RoleCatalog.swift; sourceTree = "<group>"; };
		378B5CDF7268189433B38964 /* CastBallotView.swift */ = {isa = PBXFileReference; lastKnownFileType = sourcecode.swift; path = CastBallotView.swift; sourceTree = "<group>"; };
		3A37890BCFB329BCF27B87AC /* EventListPage.swift */ = {isa = PBXFileReference; lastKnownFileType = sourcecode.swift; path = EventListPage.swift; sourceTree = "<group>"; };
		3AB4B809CB9080D53E5F95A0 /* CreateVoteSheet.swift */ = {isa = PBXFileReference; lastKnownFileType = sourcecode.swift; path = CreateVoteSheet.swift; sourceTree = "<group>"; };
		3ABBEFF766EB9498420B4750 /* ErrorView.swift */ = {isa = PBXFileReference; lastKnownFileType = sourcecode.swift; path = ErrorView.swift; sourceTree = "<group>"; };
		3B5E39C875EBDA43F170C160 /* ReportUserSheet.swift */ = {isa = PBXFileReference; lastKnownFileType = sourcecode.swift; path = ReportUserSheet.swift; sourceTree = "<group>"; };
		3CA3F4D60B0F1ECC0153B650 /* AppearanceSettingsView.swift */ = {isa = PBXFileReference; lastKnownFileType = sourcecode.swift; path = AppearanceSettingsView.swift; sourceTree = "<group>"; };
		3E73084D72CDC4C0331E5A5B /* SagaUITestCase.swift */ = {isa = PBXFileReference; lastKnownFileType = sourcecode.swift; path = SagaUITestCase.swift; sourceTree = "<group>"; };
		3F43AA125A202CDF6DC490B4 /* Guild.swift */ = {isa = PBXFileReference; lastKnownFileType = sourcecode.swift; path = Guild.swift; sourceTree = "<group>"; };
		3F9719FA30711949300472BB /* SequentialUserTests.swift */ = {isa = PBXFileReference; includeInIndex = 1; lastKnownFileType = sourcecode.swift; path = SequentialUserTests.swift; sourceTree = "<group>"; };
		3FC3D2155D0C0321BE6E581B /* APIError.swift */ = {isa = PBXFileReference; lastKnownFileType = sourcecode.swift; path = APIError.swift; sourceTree = "<group>"; };
		423DBAF132EFDD0205F12B5C /* ResonanceLeaderboardView.swift */ = {isa = PBXFileReference; lastKnownFileType = sourcecode.swift; path = ResonanceLeaderboardView.swift; sourceTree = "<group>"; };
		4406964C1B5E897D1968E3AB /* AboutView.swift */ = {isa = PBXFileReference; lastKnownFileType = sourcecode.swift; path = AboutView.swift; sourceTree = "<group>"; };
		44CC14B6ECE081A9FBC5A2AD /* AppState.swift */ = {isa = PBXFileReference; lastKnownFileType = sourcecode.swift; path = AppState.swift; sourceTree = "<group>"; };
		46297523C13A59EBDA57AB02 /* SagaTests.xctest */ = {isa = PBXFileReference; includeInIndex = 0; lastKnownFileType = wrapper.cfbundle; path = SagaTests.xctest; sourceTree = BUILT_PRODUCTS_DIR; };
		4697E63C7D12348D040BE1D8 /* PoolListView.swift */ = {isa = PBXFileReference; lastKnownFileType = sourcecode.swift; path = PoolListView.swift; sourceTree = "<group>"; };
		47B8FDF9F7AE67DEC1DB5A81 /* APIClient+Auth.swift */ = {isa = PBXFileReference; lastKnownFileType = sourcecode.swift; path = "APIClient+Auth.swift"; sourceTree = "<group>"; };
		48F9A25A5198E5C0861195DE /* EventRole.swift */ = {isa = PBXFileReference; lastKnownFileType = sourcecode.swift; path = EventRole.swift; sourceTree = "<group>"; };
		4DFAFB6829C79DE57474CA8C /* GuildListTests.swift */ = {isa = PBXFileReference; lastKnownFileType = sourcecode.swift; path = GuildListTests.swift; sourceTree = "<group>"; };
		4E1E8DCC7EAB0495FF576737 /* APIClientTests.swift */ = {isa = PBXFileReference; includeInIndex = 1; lastKnownFileType = sourcecode.swift; path = APIClientTests.swift; sourceTree = "<group>"; };
		517CC5A51B676DF8CBC047E8 /* TestConfiguration.swift */ = {isa = PBXFileReference; lastKnownFileType = sourcecode.swift; path = TestConfiguration.swift; sourceTree = "<group>"; };
		51EC7235D9224904EEDB816C /* PasskeyService.swift */ = {isa = PBXFileReference; lastKnownFileType = sourcecode.swift; path = PasskeyService.swift; sourceTree = "<group>"; };
		524233C448BD4DF3F1824F1C /* SagaApp.swift */ = {isa = PBXFileReference; lastKnownFileType = sourcecode.swift; path = SagaApp.swift; sourceTree = "<group>"; };
		53EB6D878280AD0568F5F6B9 /* Environment.swift */ = {isa = PBXFileReference; lastKnownFileType = sourcecode.swift; path = Environment.swift; sourceTree = "<group>"; };
		54F08C9C06E1C1B730DD6245 /* DiscoverView.swift */ = {isa = PBXFileReference; lastKnownFileType = sourcecode.swift; path = DiscoverView.swift; sourceTree = "<group>"; };
		55D45B51975E3ABC448B7CCB /* Trust.swift */ = {isa = PBXFileReference; lastKnownFileType = sourcecode.swift; path = Trust.swift; sourceTree = "<group>"; };
		58571A5A29E98F2E1D78CCC8 /* AccessibilityIdentifiers.swift */ = {isa = PBXFileReference; lastKnownFileType = sourcecode.swift; path = AccessibilityIdentifiers.swift; sourceTree = "<group>"; };
		610EAFED862731D2FB6B6138 /* VoteTests.swift */ = {isa = PBXFileReference; includeInIndex = 1; lastKnownFileType = sourcecode.swift; path = VoteTests.swift; sourceTree = "<group>"; };
		6189D54FEAD718CEE5566B00 /* ProfileService.swift */ = {isa = PBXFileReference; lastKnownFileType = sourcecode.swift; path = ProfileService.swift; sourceTree = "<group>"; };
		61DA91CE5470FD0F1C98CF33 /* GuildService.swift */ = {isa = PBXFileReference; lastKnownFileType = sourcecode.swift; path = GuildService.swift; sourceTree = "<group>"; };
		62998995BB0B38C56BB4A4D6 /* PublicProfileView.swift */ = {isa = PBXFileReference; lastKnownFileType = sourcecode.swift; path = PublicProfileView.swift; sourceTree = "<group>"; };
		64BD03BC2FD941E572109A2C /* ResonanceView.swift */ = {isa = PBXFileReference; lastKnownFileType = sourcecode.swift; path = ResonanceView.swift; sourceTree = "<group>"; };
		660421EB3DC3836B805DDCFF /* AdventureDetailView.swift */ = {isa = PBXFileReference; lastKnownFileType = sourcecode.swift; path = AdventureDetailView.swift; sourceTree = "<group>"; };
		66D5E03E87793488EBCB194D /* DiscoverPage.swift */ = {isa = PBXFileReference; lastKnownFileType = sourcecode.swift; path = DiscoverPage.swift; sourceTree = "<group>"; };
		687B5ADC8F363BDA40C03BBB /* Block.swift */ = {isa = PBXFileReference; lastKnownFileType = sourcecode.swift; path = Block.swift; sourceTree = "<group>"; };
		69435212CED40D708CD41254 /* AdventureTests.swift */ = {isa = PBXFileReference; lastKnownFileType = sourcecode.swift; path = AdventureTests.swift; sourceTree = "<group>"; };
		6A54E2DBDBDD26A5621EA0DF /* ModerationStatusView.swift */ = {isa = PBXFileReference; lastKnownFileType = sourcecode.swift; path = ModerationStatusView.swift; sourceTree = "<group>"; };
		6B63E5AD7116AAF0CA11C846 /* Person.swift */ = {isa = PBXFileReference; lastKnownFileType = sourcecode.swift; path = Person.swift; sourceTree = "<group>"; };
		6E69CB3F23FE0A8AAE256446 /* InterestsView.swift */ = {isa = PBXFileReference; lastKnownFileType = sourcecode.swift; path = InterestsView.swift; sourceTree = "<group>"; };
		73CD300B56290FC3C27909AC /* PrivacySettingsView.swift */ = {isa = PBXFileReference; lastKnownFileType = sourcecode.swift; path = PrivacySettingsView.swift; sourceTree = "<group>"; };
		772FF51421537181E548639B /* EventService.swift */ = {isa = PBXFileReference; lastKnownFileType = sourcecode.swift; path = EventService.swift; sourceTree = "<group>"; };
		79C0DC18139D42D34F930CB0 /* ContentView.swift */ = {isa = PBXFileReference; lastKnownFileType = sourcecode.swift; path = ContentView.swift; sourceTree = "<group>"; };
		7A85B5F7273F340746E17AA5 /* SettingsView.swift */ = {isa = PBXFileReference; lastKnownFileType = sourcecode.swift; path = SettingsView.swift; sourceTree = "<group>"; };
		7C3E2100021D963CEA408149 /* EventListView.swift */ = {isa = PBXFileReference; lastKnownFileType = sourcecode.swift; path = EventListView.swift; sourceTree = "<group>"; };
		7F6B84B524B37C9B4F6D39AF /* GrantTrustView.swift */ = {isa = PBXFileReference; lastKnownFileType = sourcecode.swift; path = GrantTrustView.swift; sourceTree = "<group>"; };
		8000CA445296190E67AFA0C1 /* APIClient.swift */ = {isa = PBXFileReference; lastKnownFileType = sourcecode.swift; path = APIClient.swift; sourceTree = "<group>"; };
		81FF512DB9BC9BABC5C1182F /* Vote.swift */ = {isa = PBXFileReference; lastKnownFileType = sourcecode.swift; path = Vote.swift; sourceTree = "<group>"; };
		844BAA51B4F9E3C031D988B8 /* TrustManagementView.swift */ = {isa = PBXFileReference; lastKnownFileType = sourcecode.swift; path = TrustManagementView.swift; sourceTree = "<group>"; };
		8BB568E0355EAD7572C585D5 /* HelpView.swift */ = {isa = PBXFileReference; lastKnownFileType = sourcecode.swift; path = HelpView.swift; sourceTree = "<group>"; };
		90A6675DC9843A6F5A24BC5A /* PersonDetailView.swift */ = {isa = PBXFileReference; lastKnownFileType = sourcecode.swift; path = PersonDetailView.swift; sourceTree = "<group>"; };
		95CA86643EEB35CD868C6E0F /* GuildListView.swift */ = {isa = PBXFileReference; lastKnownFileType = sourcecode.swift; path = GuildListView.swift; sourceTree = "<group>"; };
		96C1AD352F5B7E59DED30A04 /* Review.swift */ = {isa = PBXFileReference; lastKnownFileType = sourcecode.swift; path = Review.swift; sourceTree = "<group>"; };
		9797E220BE76FBB930E5F538 /* WaitHelpers.swift */ = {isa = PBXFileReference; lastKnownFileType = sourcecode.swift; path = WaitHelpers.swift; sourceTree = "<group>"; };
		9CCA7100B27A518A3F8CFBC7 /* AuthView.swift */ = {isa = PBXFileReference; lastKnownFileType = sourcecode.swift; path = AuthView.swift; sourceTree = "<group>"; };
		9CD4FC979B6C511F082F4198 /* DebugSettingsView.swift */ = {isa = PBXFileReference; lastKnownFileType = sourcecode.swift; path = DebugSettingsView.swift; sourceTree = "<group>"; };
		9FA83E9B7944B6ACE149E4E1 /* NotificationSettingsView.swift */ = {isa = PBXFileReference; lastKnownFileType = sourcecode.swift; path = NotificationSettingsView.swift; sourceTree = "<group>"; };
		9FFA5FBB486BD32D1CAEC906 /* AuthService.swift */ = {isa = PBXFileReference; lastKnownFileType = sourcecode.swift; path = AuthService.swift; sourceTree = "<group>"; };
		A7B8FCBA98FDF1E606B3A232 /* APIClient+Moderation.swift */ = {isa = PBXFileReference; lastKnownFileType = sourcecode.swift; path = "APIClient+Moderation.swift"; sourceTree = "<group>"; };
		A88CB79E1109927AFAFAC241 /* AuthServiceTests.swift */ = {isa = PBXFileReference; includeInIndex = 1; lastKnownFileType = sourcecode.swift; path = AuthServiceTests.swift; sourceTree = "<group>"; };
		A999E7CEA5DA1B0A6FA8B8B5 /* AvailabilityListView.swift */ = {isa = PBXFileReference; lastKnownFileType = sourcecode.swift; path = AvailabilityListView.swift; sourceTree = "<group>"; };
		AAA4539B7068FFEF725A8276 /* APIClient+People.swift */ = {isa = PBXFileReference; lastKnownFileType = sourcecode.swift; path = "APIClient+People.swift"; sourceTree = "<group>"; };
		B10DE9E17435276A1BE3EB01 /* CreatePoolSheet.swift */ = {isa = PBXFileReference; lastKnownFileType = sourcecode.swift; path = CreatePoolSheet.swift; sourceTree = "<group>"; };
		B1BEFD19CADCCD31432D3979 /* DiscoveryService.swift */ = {isa = PBXFileReference; lastKnownFileType = sourcecode.swift; path = DiscoveryService.swift; sourceTree = "<group>"; };
		B249CA406CDF6DE0E2BBF36E /* LoginTests.swift */ = {isa = PBXFileReference; lastKnownFileType = sourcecode.swift; path = LoginTests.swift; sourceTree = "<group>"; };
		B32C0CD8987149E5E3AAD6F7 /* BasePage.swift */ = {isa = PBXFileReference; lastKnownFileType = sourcecode.swift; path = BasePage.swift; sourceTree = "<group>"; };
		B40B4D23AB5AB92F7EAFA85F /* PoolPreferencesSheet.swift */ = {isa = PBXFileReference; lastKnownFileType = sourcecode.swift; path = PoolPreferencesSheet.swift; sourceTree = "<group>"; };
		B5123C50512402818DB7F33D /* CreateAvailabilitySheet.swift */ = {isa = PBXFileReference; lastKnownFileType = sourcecode.swift; path = CreateAvailabilitySheet.swift; sourceTree = "<group>"; };
		B639634CE89645E045637B5F /* SagaUITests.xctest */ = {isa = PBXFileReference; includeInIndex = 0; lastKnownFileType = wrapper.cfbundle; path = SagaUITests.xctest; sourceTree = BUILT_PRODUCTS_DIR; };
		BA652D071C0CEE70213C21BA /* EventDetailView.swift */ = {isa = PBXFileReference; lastKnownFileType = sourcecode.swift; path = EventDetailView.swift; sourceTree = "<group>"; };
		BD3238C00E384EDAD1737DD2 /* Timer.swift */ = {isa = PBXFileReference; lastKnownFileType = sourcecode.swift; path = Timer.swift; sourceTree = "<group>"; };
		BD3E3C94B440073E94AACEF1 /* VoteListView.swift */ = {isa = PBXFileReference; lastKnownFileType = sourcecode.swift; path = VoteListView.swift; sourceTree = "<group>"; };
		BDE516395CD300C026954CC1 /* APIClient+Events.swift */ = {isa = PBXFileReference; lastKnownFileType = sourcecode.swift; path = "APIClient+Events.swift"; sourceTree = "<group>"; };
		BE9AEAD2BD805DAE06DC8341 /* CoreJourneyTests.swift */ = {isa = PBXFileReference; lastKnownFileType = sourcecode.swift; path = CoreJourneyTests.swift; sourceTree = "<group>"; };
		C1EA6F442DE07A08DBF66B18 /* SSEClient.swift */ = {isa = PBXFileReference; lastKnownFileType = sourcecode.swift; path = SSEClient.swift; sourceTree = "<group>"; };
		C458E6458119A6B26FC05943 /* Resonance.swift */ = {isa = PBXFileReference; lastKnownFileType = sourcecode.swift; path = Resonance.swift; sourceTree = "<group>"; };
		C904EEB7A9AC65D4E9DAE415 /* EventDetailPage.swift */ = {isa = PBXFileReference; lastKnownFileType = sourcecode.swift; path = EventDetailPage.swift; sourceTree = "<group>"; };
		C9356B73D86025365A2E1FCF /* Event.swift */ = {isa = PBXFileReference; lastKnownFileType = sourcecode.swift; path = Event.swift; sourceTree = "<group>"; };
		C9B9CAEFB0C6E09ED0E3A634 /* MultiAppHelper.swift */ = {isa = PBXFileReference; includeInIndex = 1; lastKnownFileType = sourcecode.swift; path = MultiAppHelper.swift; sourceTree = "<group>"; };
		CA2C7B37C57CF5529D94C40D /* PasskeySetupView.swift */ = {isa = PBXFileReference; lastKnownFileType = sourcecode.swift; path = PasskeySetupView.swift; sourceTree = "<group>"; };
		CAF192B9FBFC495A440D0C6D /* Availability.swift */ = {isa = PBXFileReference; lastKnownFileType = sourcecode.swift; path = Availability.swift; sourceTree = "<group>"; };
		CB27088F65FE7E10F2A330C4 /* RequestIRLView.swift */ = {isa = PBXFileReference; lastKnownFileType = sourcecode.swift; path = RequestIRLView.swift; sourceTree = "<group>"; };
		D1211404A7DD3280896E1E76 /* Activity.swift */ = {isa = PBXFileReference; lastKnownFileType = sourcecode.swift; path = Activity.swift; sourceTree = "<group>"; };
		D13D336FE09BFD9BDDB13BB0 /* APIClient+Advanced.swift */ = {isa = PBXFileReference; lastKnownFileType = sourcecode.swift; path = "APIClient+Advanced.swift"; sourceTree = "<group>"; };
		D37FCCE12A17640992046670 /* GuildListPage.swift */ = {isa = PBXFileReference; lastKnownFileType = sourcecode.swift; path = GuildListPage.swift; sourceTree = "<group>"; };
		D3CD00DAB64ECD4BDFF59E63 /* NearbyAvailabilityView.swift */ = {isa = PBXFileReference; lastKnownFileType = sourcecode.swift; path = NearbyAvailabilityView.swift; sourceTree = "<group>"; };
		D52BF30ACDBDEDDF625442AF /* QuestionnaireView.swift */ = {isa = PBXFileReference; lastKnownFileType = sourcecode.swift; path = QuestionnaireView.swift; sourceTree = "<group>"; };
		DB855CE26B00CAF20FA0C271 /* PKCEHelper.swift */ = {isa = PBXFileReference; lastKnownFileType = sourcecode.swift; path = PKCEHelper.swift; sourceTree = "<group>"; };
		DD814FC5B28C71C780331707 /* TimerCard.swift */ = {isa = PBXFileReference; lastKnownFileType = sourcecode.swift; path = TimerCard.swift; sourceTree = "<group>"; };
		DDFFDAFA876B9BFBDA14945D /* CreateEventPage.swift */ = {isa = PBXFileReference; lastKnownFileType = sourcecode.swift; path = CreateEventPage.swift; sourceTree = "<group>"; };
		E1059B7BE6E11D88F50F0E83 /* CreateEventSheet.swift */ = {isa = PBXFileReference; lastKnownFileType = sourcecode.swift; path = CreateEventSheet.swift; sourceTree = "<group>"; };
		E80D33D91FB3D4AFBA4CEC4B /* GuildLoadingDebugTest.swift */ = {isa = PBXFileReference; lastKnownFileType = sourcecode.swift; path = GuildLoadingDebugTest.swift; sourceTree = "<group>"; };
		EAA0AB11C73B036A1B4003BA /* AdventureListView.swift */ = {isa = PBXFileReference; lastKnownFileType = sourcecode.swift; path = AdventureListView.swift; sourceTree = "<group>"; };
		ECF6C3D7EBA63778E764C37E /* BlockUserSheet.swift */ = {isa = PBXFileReference; lastKnownFileType = sourcecode.swift; path = BlockUserSheet.swift; sourceTree = "<group>"; };
		EE0216D5F5A3FB8124A49A57 /* RealTimeSyncTests.swift */ = {isa = PBXFileReference; includeInIndex = 1; lastKnownFileType = sourcecode.swift; path = RealTimeSyncTests.swift; sourceTree = "<group>"; };
		EF366A8139BF9A0332EDDC40 /* APIClient+Social.swift */ = {isa = PBXFileReference; lastKnownFileType = sourcecode.swift; path = "APIClient+Social.swift"; sourceTree = "<group>"; };
		F23969A2800B01E2C77D57AA /* EventListTests.swift */ = {isa = PBXFileReference; lastKnownFileType = sourcecode.swift; path = EventListTests.swift; sourceTree = "<group>"; };
		F442F88F481335B6858779D1 /* TabBarPage.swift */ = {isa = PBXFileReference; lastKnownFileType = sourcecode.swift; path = TabBarPage.swift; sourceTree = "<group>"; };
		F6D70E88B8293F1121A5F776 /* ProfileEditView.swift */ = {isa = PBXFileReference; lastKnownFileType = sourcecode.swift; path = ProfileEditView.swift; sourceTree = "<group>"; };
		F6F4669F089CF93701A3F597 /* TrustTests.swift */ = {isa = PBXFileReference; includeInIndex = 1; lastKnownFileType = sourcecode.swift; path = TrustTests.swift; sourceTree = "<group>"; };
		F9114025E1978B87254D5AD3 /* LoginHelper.swift */ = {isa = PBXFileReference; lastKnownFileType = sourcecode.swift; path = LoginHelper.swift; sourceTree = "<group>"; };
		FB59CDD1EB1F07A8EB0CBCBB /* TestUsers.swift */ = {isa = PBXFileReference; lastKnownFileType = sourcecode.swift; path = TestUsers.swift; sourceTree = "<group>"; };
		FC4E9B80B312DB9FDC3F82D7 /* DiscoveryTests.swift */ = {isa = PBXFileReference; lastKnownFileType = sourcecode.swift; path = DiscoveryTests.swift; sourceTree = "<group>"; };
		FF21A8049A3496F58443544F /* ProfileTests.swift */ = {isa = PBXFileReference; lastKnownFileType = sourcecode.swift; path = ProfileTests.swift; sourceTree = "<group>"; };
		FF83B5FFDC8F2A1ACFCC400E /* LoadingView.swift */ = {isa = PBXFileReference; lastKnownFileType = sourcecode.swift; path = LoadingView.swift; sourceTree = "<group>"; };
/* End PBXFileReference section */

/* Begin PBXFrameworksBuildPhase section */
		AFCD494F53A49CC5F01894FC /* Frameworks */ = {
			isa = PBXFrameworksBuildPhase;
			buildActionMask = 2147483647;
			files = (
				96A2E64FCAA0F43ACA75237C /* KeychainAccess in Frameworks */,
			);
			runOnlyForDeploymentPostprocessing = 0;
		};
/* End PBXFrameworksBuildPhase section */

/* Begin PBXGroup section */
		01E33D37B34925B6DC152E00 /* Utilities */ = {
			isa = PBXGroup;
			children = (
				DB855CE26B00CAF20FA0C271 /* PKCEHelper.swift */,
			);
			path = Utilities;
			sourceTree = "<group>";
		};
		0373DF2E2E0556AFC5819589 /* Discovery */ = {
			isa = PBXGroup;
			children = (
				25982FA94D3430542F3AFE03 /* Interest.swift */,
				29DF7F54CFF978E328EC7557 /* Questionnaire.swift */,
			);
			path = Discovery;
			sourceTree = "<group>";
		};
		03ADFD4DC6FDCC5D265E15FE /* Discovery */ = {
			isa = PBXGroup;
			children = (
				66D5E03E87793488EBCB194D /* DiscoverPage.swift */,
			);
			path = Discovery;
			sourceTree = "<group>";
		};
		085EE66E978165412FEBC3F3 /* Core */ = {
			isa = PBXGroup;
			children = (
				D1211404A7DD3280896E1E76 /* Activity.swift */,
				3F43AA125A202CDF6DC490B4 /* Guild.swift */,
				6B63E5AD7116AAF0CA11C846 /* Person.swift */,
				BD3238C00E384EDAD1737DD2 /* Timer.swift */,
				2D07EB62A1D8C41DDB4ADBE9 /* User.swift */,
			);
			path = Core;
			sourceTree = "<group>";
		};
		100446F35864CAB3583A53AD /* Guild */ = {
			isa = PBXGroup;
			children = (
				20852124EA56E45364F05514 /* GuildDetailView.swift */,
				95CA86643EEB35CD868C6E0F /* GuildListView.swift */,
			);
			path = Guild;
			sourceTree = "<group>";
		};
		147FE2F67FCC0A902E054743 /* App */ = {
			isa = PBXGroup;
			children = (
				79C0DC18139D42D34F930CB0 /* ContentView.swift */,
			);
			path = App;
			sourceTree = "<group>";
		};
		1C0C1156F3CF85E0ECC5D648 /* Advanced */ = {
			isa = PBXGroup;
			children = (
				69435212CED40D708CD41254 /* AdventureTests.swift */,
				040D773A97C58A1095AC4C41 /* PoolTests.swift */,
			);
			path = Advanced;
			sourceTree = "<group>";
		};
		1ED13AE270F85568E7A6A433 /* Tests */ = {
			isa = PBXGroup;
			children = (
				341ED281123034C24EA03A9C /* SagaTests.swift */,
				5D792968F474DD60C43C635C /* Networking */,
				72980B79C6AD4729E9E1C839 /* Services */,
			);
			path = Tests;
			sourceTree = SOURCE_ROOT;
		};
		23325C16E83DC044421BD900 /* Gamification */ = {
			isa = PBXGroup;
			children = (
				C458E6458119A6B26FC05943 /* Resonance.swift */,
			);
			path = Gamification;
			sourceTree = "<group>";
		};
		248AFB43AC7642FFF57542CF /* People */ = {
			isa = PBXGroup;
			children = (
				90A6675DC9843A6F5A24BC5A /* PersonDetailView.swift */,
			);
			path = People;
			sourceTree = "<group>";
		};
		24B957CEFA89AB2F821097C7 /* Advanced */ = {
			isa = PBXGroup;
			children = (
				1FD65E0535492732CA3B8B30 /* Adventure.swift */,
				20F5176FDE783B6F97D4C27C /* Pool.swift */,
				377327F3A3C854ED049ACCF5 /* RoleCatalog.swift */,
				81FF512DB9BC9BABC5C1182F /* Vote.swift */,
			);
			path = Advanced;
			sourceTree = "<group>";
		};
		25C49A948AD6190A7295759A /* Social */ = {
			isa = PBXGroup;
			children = (
			);
			path = Social;
			sourceTree = "<group>";
		};
		2F1D2F14171ED11DFE588F4C /* Guilds */ = {
			isa = PBXGroup;
			children = (
				D37FCCE12A17640992046670 /* GuildListPage.swift */,
			);
			path = Guilds;
			sourceTree = "<group>";
		};
		2F5561A0FDCCF9308C0C3325 /* Events */ = {
			isa = PBXGroup;
			children = (
				F23969A2800B01E2C77D57AA /* EventListTests.swift */,
			);
			path = Events;
			sourceTree = "<group>";
		};
		2FB5BAEED5638633982032D6 /* Events */ = {
			isa = PBXGroup;
			children = (
				C9356B73D86025365A2E1FCF /* Event.swift */,
				48F9A25A5198E5C0861195DE /* EventRole.swift */,
			);
			path = Events;
			sourceTree = "<group>";
		};
		33E0BB5CD10524B3A2119FF4 /* App */ = {
			isa = PBXGroup;
			children = (
				44CC14B6ECE081A9FBC5A2AD /* AppState.swift */,
				53EB6D878280AD0568F5F6B9 /* Environment.swift */,
				524233C448BD4DF3F1824F1C /* SagaApp.swift */,
			);
			path = App;
			sourceTree = "<group>";
		};
		37985928D017830C83FFCE8A /* PageObjects */ = {
			isa = PBXGroup;
			children = (
				DF1301DCAD75EB41533CB112 /* Auth */,
				60651DD816933C3260B8E9FE /* Base */,
				03ADFD4DC6FDCC5D265E15FE /* Discovery */,
				E430E58CB1935CBA6C1B32FC /* Events */,
				2F1D2F14171ED11DFE588F4C /* Guilds */,
				4EBB68D53C0D1F068C087E3B /* TabBar */,
			);
			path = PageObjects;
			sourceTree = "<group>";
		};
		4084CF00A8685BD3CBF750D6 /* Helpers */ = {
			isa = PBXGroup;
			children = (
				F9114025E1978B87254D5AD3 /* LoginHelper.swift */,
				9797E220BE76FBB930E5F538 /* WaitHelpers.swift */,
				C9B9CAEFB0C6E09ED0E3A634 /* MultiAppHelper.swift */,
			);
			path = Helpers;
			sourceTree = "<group>";
		};
		4ACB30F09E606BE2347CB361 /* Advanced */ = {
			isa = PBXGroup;
			children = (
			);
			path = Advanced;
			sourceTree = "<group>";
		};
		4EBB68D53C0D1F068C087E3B /* TabBar */ = {
			isa = PBXGroup;
			children = (
				F442F88F481335B6858779D1 /* TabBarPage.swift */,
			);
			path = TabBar;
			sourceTree = "<group>";
		};
		532F74047F73242A030EB233 /* Discovery */ = {
			isa = PBXGroup;
			children = (
				36652CB6E9AF954613FC5F6F /* AddInterestSheet.swift */,
				54F08C9C06E1C1B730DD6245 /* DiscoverView.swift */,
				6E69CB3F23FE0A8AAE256446 /* InterestsView.swift */,
				2B5512BCF1DE7ABCF4937351 /* QuestionnaireListView.swift */,
				D52BF30ACDBDEDDF625442AF /* QuestionnaireView.swift */,
			);
			path = Discovery;
			sourceTree = "<group>";
		};
		5D1CD6C36256D24F639F7E9B /* Discovery */ = {
			isa = PBXGroup;
			children = (
			);
			path = Discovery;
			sourceTree = "<group>";
		};
		5D792968F474DD60C43C635C /* Networking */ = {
			isa = PBXGroup;
			children = (
				4E1E8DCC7EAB0495FF576737 /* APIClientTests.swift */,
			);
			name = Networking;
			path = Networking;
			sourceTree = "<group>";
		};
		60651DD816933C3260B8E9FE /* Base */ = {
			isa = PBXGroup;
			children = (
				B32C0CD8987149E5E3AAD6F7 /* BasePage.swift */,
			);
			path = Base;
			sourceTree = "<group>";
		};
		6146A6DA17CC01A360B22F96 /* UITests */ = {
			isa = PBXGroup;
			children = (
				58571A5A29E98F2E1D78CCC8 /* AccessibilityIdentifiers.swift */,
				3E73084D72CDC4C0331E5A5B /* SagaUITestCase.swift */,
				F2229EB13FEF3ED3C7F25050 /* Configuration */,
				4084CF00A8685BD3CBF750D6 /* Helpers */,
				37985928D017830C83FFCE8A /* PageObjects */,
				A015074C0AE282ED53A47135 /* Tests */,
			);
			path = UITests;
			sourceTree = "<group>";
		};
		641FB346A562B8274646C133 /* Gamification */ = {
			isa = PBXGroup;
			children = (
			);
			path = Gamification;
			sourceTree = "<group>";
		};
		68DC459B506110EFEAF75865 /* Voting */ = {
			isa = PBXGroup;
			children = (
				610EAFED862731D2FB6B6138 /* VoteTests.swift */,
			);
			name = Voting;
			path = Voting;
			sourceTree = "<group>";
		};
		6DA7316E19FADE22FD0F7734 /* Guilds */ = {
			isa = PBXGroup;
			children = (
				4DFAFB6829C79DE57474CA8C /* GuildListTests.swift */,
			);
			path = Guilds;
			sourceTree = "<group>";
		};
		72980B79C6AD4729E9E1C839 /* Services */ = {
			isa = PBXGroup;
			children = (
				A88CB79E1109927AFAFAC241 /* AuthServiceTests.swift */,
			);
			name = Services;
			path = Services;
			sourceTree = "<group>";
		};
		759AD5D025DF405ED638003D /* Auth */ = {
			isa = PBXGroup;
			children = (
				9CCA7100B27A518A3F8CFBC7 /* AuthView.swift */,
				CA2C7B37C57CF5529D94C40D /* PasskeySetupView.swift */,
			);
			path = Auth;
			sourceTree = "<group>";
		};
		8981F91A53B7705B11C2E957 /* Guild */ = {
			isa = PBXGroup;
			children = (
			);
			path = Guild;
			sourceTree = "<group>";
		};
		8E7D14C5D29435D8B7B4EAFF /* Moderation */ = {
			isa = PBXGroup;
			children = (
				2E2C183EA5F9C6F792B78496 /* BlockedUsersView.swift */,
				ECF6C3D7EBA63778E764C37E /* BlockUserSheet.swift */,
				6A54E2DBDBDD26A5621EA0DF /* ModerationStatusView.swift */,
				3B5E39C875EBDA43F170C160 /* ReportUserSheet.swift */,
				423DBAF132EFDD0205F12B5C /* ResonanceLeaderboardView.swift */,
				64BD03BC2FD941E572109A2C /* ResonanceView.swift */,
			);
			path = Moderation;
			sourceTree = "<group>";
		};
		92EC0991F022298F2715DE3A /* Sources */ = {
			isa = PBXGroup;
			children = (
				33E0BB5CD10524B3A2119FF4 /* App */,
				975632670808FC8D773E2D3E /* Extensions */,
				A6281F3BCA1C56FFBB76BF67 /* Models */,
				A2CF8A7B7DB95BF834024BEA /* Networking */,
				C26FFC442406DFD8FC6C3F59 /* Services */,
				01E33D37B34925B6DC152E00 /* Utilities */,
				D259CC5DDF79EF85DA970302 /* ViewModels */,
				CEF2EDFB0A2C9126AABD3D35 /* Views */,
			);
			path = Sources;
			sourceTree = "<group>";
		};
		975632670808FC8D773E2D3E /* Extensions */ = {
			isa = PBXGroup;
			children = (
				2714A764ED522B325F56E096 /* Data+Base64URL.swift */,
			);
			path = Extensions;
			sourceTree = "<group>";
		};
		A015074C0AE282ED53A47135 /* Tests */ = {
			isa = PBXGroup;
			children = (
				1C0C1156F3CF85E0ECC5D648 /* Advanced */,
				EEBAAD5212A2D1799390B6B1 /* Auth */,
				C3C9980C2E0751148616B3D4 /* Debug */,
				DE07740A463D771BE4AA81E8 /* Discovery */,
				2F5561A0FDCCF9308C0C3325 /* Events */,
				6DA7316E19FADE22FD0F7734 /* Guilds */,
				FD79181CA6F965AB93420255 /* Integration */,
				BFB8231C9BDC62E2C0896A72 /* MultiUser */,
				D8A38496F608C0B009198930 /* Profile */,
				F469D3642B34B3BB5A574B41 /* Social */,
				68DC459B506110EFEAF75865 /* Voting */,
			);
			path = Tests;
			sourceTree = "<group>";
		};
		A2CF8A7B7DB95BF834024BEA /* Networking */ = {
			isa = PBXGroup;
			children = (
				8000CA445296190E67AFA0C1 /* APIClient.swift */,
				D13D336FE09BFD9BDDB13BB0 /* APIClient+Advanced.swift */,
				47B8FDF9F7AE67DEC1DB5A81 /* APIClient+Auth.swift */,
				2A2BD29251A9C46BE1331696 /* APIClient+Discovery.swift */,
				BDE516395CD300C026954CC1 /* APIClient+Events.swift */,
				1E9FDD726E359F20871336DC /* APIClient+Guilds.swift */,
				A7B8FCBA98FDF1E606B3A232 /* APIClient+Moderation.swift */,
				AAA4539B7068FFEF725A8276 /* APIClient+People.swift */,
				EF366A8139BF9A0332EDDC40 /* APIClient+Social.swift */,
				C1EA6F442DE07A08DBF66B18 /* SSEClient.swift */,
			);
			path = Networking;
			sourceTree = "<group>";
		};
		A6281F3BCA1C56FFBB76BF67 /* Models */ = {
			isa = PBXGroup;
			children = (
				24B957CEFA89AB2F821097C7 /* Advanced */,
				FD88660BDC7AC55C306E3D0A /* API */,
				085EE66E978165412FEBC3F3 /* Core */,
				0373DF2E2E0556AFC5819589 /* Discovery */,
				2FB5BAEED5638633982032D6 /* Events */,
				23325C16E83DC044421BD900 /* Gamification */,
				CE6221D88329584C91DB5B1F /* Moderation */,
				BDCA8F8E00296DA6855C1778 /* Social */,
			);
			path = Models;
			sourceTree = "<group>";
		};
		A9A5186ACA6F48724C57C5E6 /* Moderation */ = {
			isa = PBXGroup;
			children = (
			);
			path = Moderation;
			sourceTree = "<group>";
		};
		AB8D51AD7A170BC2E9FC25BA /* Auth */ = {
			isa = PBXGroup;
			children = (
			);
			path = Auth;
			sourceTree = "<group>";
		};
		AFC1BB18E72CDD01673913EA /* Social */ = {
			isa = PBXGroup;
			children = (
				A999E7CEA5DA1B0A6FA8B8B5 /* AvailabilityListView.swift */,
				B5123C50512402818DB7F33D /* CreateAvailabilitySheet.swift */,
				7F6B84B524B37C9B4F6D39AF /* GrantTrustView.swift */,
				D3CD00DAB64ECD4BDFF59E63 /* NearbyAvailabilityView.swift */,
				F6D70E88B8293F1121A5F776 /* ProfileEditView.swift */,
				62998995BB0B38C56BB4A4D6 /* PublicProfileView.swift */,
				CB27088F65FE7E10F2A330C4 /* RequestIRLView.swift */,
				844BAA51B4F9E3C031D988B8 /* TrustManagementView.swift */,
			);
			path = Social;
			sourceTree = "<group>";
		};
		B4AE5B3A53718DADEF0AEF57 = {
			isa = PBXGroup;
			children = (
				92EC0991F022298F2715DE3A /* Sources */,
				1ED13AE270F85568E7A6A433 /* Tests */,
				6146A6DA17CC01A360B22F96 /* UITests */,
				C21BE330D35AFBE773D69E5A /* Products */,
			);
			sourceTree = "<group>";
		};
		BDCA8F8E00296DA6855C1778 /* Social */ = {
			isa = PBXGroup;
			children = (
				CAF192B9FBFC495A440D0C6D /* Availability.swift */,
				2374811E6D4E36F1B77CAFD5 /* Profile.swift */,
				96C1AD352F5B7E59DED30A04 /* Review.swift */,
				55D45B51975E3ABC448B7CCB /* Trust.swift */,
			);
			path = Social;
			sourceTree = "<group>";
		};
		BFB0909826B11C9A392C6830 /* People */ = {
			isa = PBXGroup;
			children = (
			);
			path = People;
			sourceTree = "<group>";
		};
		BFB8231C9BDC62E2C0896A72 /* MultiUser */ = {
			isa = PBXGroup;
			children = (
				3F9719FA30711949300472BB /* SequentialUserTests.swift */,
				03612FB4CFAF940C31E770D0 /* DualAppTests.swift */,
				EE0216D5F5A3FB8124A49A57 /* RealTimeSyncTests.swift */,
			);
			path = MultiUser;
			sourceTree = "<group>";
		};
		C21BE330D35AFBE773D69E5A /* Products */ = {
			isa = PBXGroup;
			children = (
				2FF292A2F9F174AA222C685E /* Saga.app */,
				46297523C13A59EBDA57AB02 /* SagaTests.xctest */,
				B639634CE89645E045637B5F /* SagaUITests.xctest */,
			);
			name = Products;
			sourceTree = "<group>";
		};
		C26FFC442406DFD8FC6C3F59 /* Services */ = {
			isa = PBXGroup;
			children = (
				9FFA5FBB486BD32D1CAEC906 /* AuthService.swift */,
				B1BEFD19CADCCD31432D3979 /* DiscoveryService.swift */,
				772FF51421537181E548639B /* EventService.swift */,
				61DA91CE5470FD0F1C98CF33 /* GuildService.swift */,
				51EC7235D9224904EEDB816C /* PasskeyService.swift */,
				6189D54FEAD718CEE5566B00 /* ProfileService.swift */,
			);
			path = Services;
			sourceTree = "<group>";
		};
		C3C9980C2E0751148616B3D4 /* Debug */ = {
			isa = PBXGroup;
			children = (
				E80D33D91FB3D4AFBA4CEC4B /* GuildLoadingDebugTest.swift */,
			);
			path = Debug;
			sourceTree = "<group>";
		};
		CE6221D88329584C91DB5B1F /* Moderation */ = {
			isa = PBXGroup;
			children = (
				687B5ADC8F363BDA40C03BBB /* Block.swift */,
				2C8D0112BF9C651144F17142 /* Report.swift */,
			);
			path = Moderation;
			sourceTree = "<group>";
		};
		CEF2EDFB0A2C9126AABD3D35 /* Views */ = {
			isa = PBXGroup;
			children = (
				D1435E5659B9E5DF73EC5131 /* Advanced */,
				147FE2F67FCC0A902E054743 /* App */,
				759AD5D025DF405ED638003D /* Auth */,
				FCFC2DFF427D99F10655BDFE /* Components */,
				532F74047F73242A030EB233 /* Discovery */,
				FE0AF71E789AEE0341F15E9E /* Events */,
				100446F35864CAB3583A53AD /* Guild */,
				8E7D14C5D29435D8B7B4EAFF /* Moderation */,
				248AFB43AC7642FFF57542CF /* People */,
				D10AEDC2C88656263CA70FD3 /* Settings */,
				AFC1BB18E72CDD01673913EA /* Social */,
			);
			path = Views;
			sourceTree = "<group>";
		};
		D10AEDC2C88656263CA70FD3 /* Settings */ = {
			isa = PBXGroup;
			children = (
				4406964C1B5E897D1968E3AB /* AboutView.swift */,
				3095AF696068572CEB1723CE /* AccountSettingsView.swift */,
				3CA3F4D60B0F1ECC0153B650 /* AppearanceSettingsView.swift */,
				9CD4FC979B6C511F082F4198 /* DebugSettingsView.swift */,
				8BB568E0355EAD7572C585D5 /* HelpView.swift */,
				9FA83E9B7944B6ACE149E4E1 /* NotificationSettingsView.swift */,
				73CD300B56290FC3C27909AC /* PrivacySettingsView.swift */,
				7A85B5F7273F340746E17AA5 /* SettingsView.swift */,
			);
			path = Settings;
			sourceTree = "<group>";
		};
		D1435E5659B9E5DF73EC5131 /* Advanced */ = {
			isa = PBXGroup;
			children = (
				660421EB3DC3836B805DDCFF /* AdventureDetailView.swift */,
				EAA0AB11C73B036A1B4003BA /* AdventureListView.swift */,
				378B5CDF7268189433B38964 /* CastBallotView.swift */,
				11A5E147033F36711A74B613 /* CreateAdventureSheet.swift */,
				B10DE9E17435276A1BE3EB01 /* CreatePoolSheet.swift */,
				3AB4B809CB9080D53E5F95A0 /* CreateVoteSheet.swift */,
				252BC757EE8C84115FA628C8 /* PoolDetailView.swift */,
				4697E63C7D12348D040BE1D8 /* PoolListView.swift */,
				B40B4D23AB5AB92F7EAFA85F /* PoolPreferencesSheet.swift */,
				107F0497B08153AD45AEB47B /* VoteDetailView.swift */,
				BD3E3C94B440073E94AACEF1 /* VoteListView.swift */,
			);
			path = Advanced;
			sourceTree = "<group>";
		};
		D259CC5DDF79EF85DA970302 /* ViewModels */ = {
			isa = PBXGroup;
			children = (
				4ACB30F09E606BE2347CB361 /* Advanced */,
				AB8D51AD7A170BC2E9FC25BA /* Auth */,
				5D1CD6C36256D24F639F7E9B /* Discovery */,
				D771666636D565F3221D7634 /* Events */,
				641FB346A562B8274646C133 /* Gamification */,
				8981F91A53B7705B11C2E957 /* Guild */,
				A9A5186ACA6F48724C57C5E6 /* Moderation */,
				BFB0909826B11C9A392C6830 /* People */,
				25C49A948AD6190A7295759A /* Social */,
			);
			path = ViewModels;
			sourceTree = "<group>";
		};
		D771666636D565F3221D7634 /* Events */ = {
			isa = PBXGroup;
			children = (
			);
			path = Events;
			sourceTree = "<group>";
		};
		D8A38496F608C0B009198930 /* Profile */ = {
			isa = PBXGroup;
			children = (
				FF21A8049A3496F58443544F /* ProfileTests.swift */,
			);
			path = Profile;
			sourceTree = "<group>";
		};
		DE07740A463D771BE4AA81E8 /* Discovery */ = {
			isa = PBXGroup;
			children = (
				FC4E9B80B312DB9FDC3F82D7 /* DiscoveryTests.swift */,
			);
			path = Discovery;
			sourceTree = "<group>";
		};
		DF1301DCAD75EB41533CB112 /* Auth */ = {
			isa = PBXGroup;
			children = (
				23A6640DAC5775D9A266094A /* AuthPage.swift */,
			);
			path = Auth;
			sourceTree = "<group>";
		};
		E430E58CB1935CBA6C1B32FC /* Events */ = {
			isa = PBXGroup;
			children = (
				DDFFDAFA876B9BFBDA14945D /* CreateEventPage.swift */,
				C904EEB7A9AC65D4E9DAE415 /* EventDetailPage.swift */,
				3A37890BCFB329BCF27B87AC /* EventListPage.swift */,
			);
			path = Events;
			sourceTree = "<group>";
		};
		EEBAAD5212A2D1799390B6B1 /* Auth */ = {
			isa = PBXGroup;
			children = (
				B249CA406CDF6DE0E2BBF36E /* LoginTests.swift */,
			);
			path = Auth;
			sourceTree = "<group>";
		};
		F2229EB13FEF3ED3C7F25050 /* Configuration */ = {
			isa = PBXGroup;
			children = (
				517CC5A51B676DF8CBC047E8 /* TestConfiguration.swift */,
				FB59CDD1EB1F07A8EB0CBCBB /* TestUsers.swift */,
			);
			path = Configuration;
			sourceTree = "<group>";
		};
		F469D3642B34B3BB5A574B41 /* Social */ = {
			isa = PBXGroup;
			children = (
				F6F4669F089CF93701A3F597 /* TrustTests.swift */,
			);
			name = Social;
			path = Social;
			sourceTree = "<group>";
		};
		FCFC2DFF427D99F10655BDFE /* Components */ = {
			isa = PBXGroup;
			children = (
				1D875D1F7317A007AF467F10 /* EmptyStateView.swift */,
				3ABBEFF766EB9498420B4750 /* ErrorView.swift */,
				FF83B5FFDC8F2A1ACFCC400E /* LoadingView.swift */,
				DD814FC5B28C71C780331707 /* TimerCard.swift */,
			);
			path = Components;
			sourceTree = "<group>";
		};
		FD79181CA6F965AB93420255 /* Integration */ = {
			isa = PBXGroup;
			children = (
				BE9AEAD2BD805DAE06DC8341 /* CoreJourneyTests.swift */,
			);
			path = Integration;
			sourceTree = "<group>";
		};
		FD88660BDC7AC55C306E3D0A /* API */ = {
			isa = PBXGroup;
			children = (
				3FC3D2155D0C0321BE6E581B /* APIError.swift */,
				12622707B0C81FB3F49BCE1F /* APIResponse.swift */,
				0704DC3AA1A67FCBD011ECF8 /* AuthRequests.swift */,
			);
			path = API;
			sourceTree = "<group>";
		};
		FE0AF71E789AEE0341F15E9E /* Events */ = {
			isa = PBXGroup;
			children = (
				E1059B7BE6E11D88F50F0E83 /* CreateEventSheet.swift */,
				BA652D071C0CEE70213C21BA /* EventDetailView.swift */,
				7C3E2100021D963CEA408149 /* EventListView.swift */,
				1193787BBC300F1A98CEB34A /* GuildEventListView.swift */,
			);
			path = Events;
			sourceTree = "<group>";
		};
/* End PBXGroup section */

/* Begin PBXNativeTarget section */
		C3433D5881B5DF5537C1F995 /* SagaUITests */ = {
			isa = PBXNativeTarget;
			buildConfigurationList = C1B8240DE9E46C0B6D6CE491 /* Build configuration list for PBXNativeTarget "SagaUITests" */;
			buildPhases = (
				3A146F8B5B6E937F4DCA71CB /* Sources */,
			);
			buildRules = (
			);
			dependencies = (
				52FE003B9D2D79E49FEAE015 /* PBXTargetDependency */,
			);
			name = SagaUITests;
			productName = SagaUITests;
			productReference = B639634CE89645E045637B5F /* SagaUITests.xctest */;
			productType = "com.apple.product-type.bundle.ui-testing";
		};
		E8F2EED0D73788E0023DF5AB /* Saga */ = {
			isa = PBXNativeTarget;
			buildConfigurationList = 5014D501D0B5C1CFEC9CC069 /* Build configuration list for PBXNativeTarget "Saga" */;
			buildPhases = (
				0EA00B60277D23EEB08D8289 /* Sources */,
				AFCD494F53A49CC5F01894FC /* Frameworks */,
			);
			buildRules = (
			);
			dependencies = (
			);
			name = Saga;
			packageProductDependencies = (
				ABCF0FD44C55153B8E94FEBA /* KeychainAccess */,
			);
			productName = Saga;
			productReference = 2FF292A2F9F174AA222C685E /* Saga.app */;
			productType = "com.apple.product-type.application";
		};
		F3DEB791A3EF5DA70E60ADE6 /* SagaTests */ = {
			isa = PBXNativeTarget;
			buildConfigurationList = 84857570C511612DD5B512C7 /* Build configuration list for PBXNativeTarget "SagaTests" */;
			buildPhases = (
				95FA5E851D7AD644DDF21738 /* Sources */,
			);
			buildRules = (
			);
			dependencies = (
				9BFC4346ACF5D64F964F591D /* PBXTargetDependency */,
			);
			name = SagaTests;
			productName = SagaTests;
			productReference = 46297523C13A59EBDA57AB02 /* SagaTests.xctest */;
			productType = "com.apple.product-type.bundle.unit-test";
		};
/* End PBXNativeTarget section */

/* Begin PBXProject section */
		B649681C041D8D26AD77FD65 /* Project object */ = {
			isa = PBXProject;
			attributes = {
				BuildIndependentTargetsInParallel = YES;
				LastUpgradeCheck = 1600;
				TargetAttributes = {
					C3433D5881B5DF5537C1F995 = {
						TestTargetID = E8F2EED0D73788E0023DF5AB;
					};
					E8F2EED0D73788E0023DF5AB = {
						DevelopmentTeam = "";
						ProvisioningStyle = Automatic;
					};
				};
			};
			buildConfigurationList = 935346E326D05806F434D007 /* Build configuration list for PBXProject "Saga" */;
			compatibilityVersion = "Xcode 14.0";
			developmentRegion = en;
			hasScannedForEncodings = 0;
			knownRegions = (
				Base,
				en,
			);
			mainGroup = B4AE5B3A53718DADEF0AEF57;
			minimizedProjectReferenceProxies = 1;
			packageReferences = (
				BC13AED2DC3D66E279A52190 /* XCRemoteSwiftPackageReference "KeychainAccess" */,
			);
			preferredProjectObjectVersion = 77;
			productRefGroup = C21BE330D35AFBE773D69E5A /* Products */;
			projectDirPath = "";
			projectRoot = "";
			targets = (
				E8F2EED0D73788E0023DF5AB /* Saga */,
				F3DEB791A3EF5DA70E60ADE6 /* SagaTests */,
				C3433D5881B5DF5537C1F995 /* SagaUITests */,
			);
		};
/* End PBXProject section */

/* Begin PBXSourcesBuildPhase section */
		0EA00B60277D23EEB08D8289 /* Sources */ = {
			isa = PBXSourcesBuildPhase;
			buildActionMask = 2147483647;
			files = (
				E1E35E85E601A8F1BB72DB66 /* APIClient+Advanced.swift in Sources */,
				2EF959B73B82501976856048 /* APIClient+Auth.swift in Sources */,
				9A41FBC320BD29CB4804ADE1 /* APIClient+Discovery.swift in Sources */,
				17CD47560B092F886558F498 /* APIClient+Events.swift in Sources */,
				AB14A5897EE570BED293F63A /* APIClient+Guilds.swift in Sources */,
				90D0F79D8DB7D6C80ECB96B3 /* APIClient+Moderation.swift in Sources */,
				2153234C9D37A1755A3C36D3 /* APIClient+People.swift in Sources */,
				37FD241CF93EBF413132650C /* APIClient+Social.swift in Sources */,
				C329D05CB68ABC8FB9EF0602 /* APIClient.swift in Sources */,
				84D0B036C7124006B2E4358D /* APIError.swift in Sources */,
				FCD01D27DE0246CD97BA8A54 /* APIResponse.swift in Sources */,
				DC4E506728022F91D59B4836 /* AboutView.swift in Sources */,
				276C10BA999EF9AB1E4850CF /* AccountSettingsView.swift in Sources */,
				1DCA6C78892D94E7D9056A62 /* Activity.swift in Sources */,
				884DCE95B8173DA3C28FCF1A /* AddInterestSheet.swift in Sources */,
				31700E28BDAF8BD8BCED7235 /* Adventure.swift in Sources */,
				FA586C8276265385213B620C /* AdventureDetailView.swift in Sources */,
				AA1176DC3D6503CDB838B995 /* AdventureListView.swift in Sources */,
				80D4A23037515671952891D6 /* AppState.swift in Sources */,
				B536ECEA27F6BE42D07DCEFA /* AppearanceSettingsView.swift in Sources */,
				AF3235F38AF5E9E2BA3F43E2 /* AuthRequests.swift in Sources */,
				CAD17574227A0E84B24D2192 /* AuthService.swift in Sources */,
				E7569D4882122459C36A16FC /* AuthView.swift in Sources */,
				63E420E08FCD083D00313CED /* Availability.swift in Sources */,
				54B8E711B07DFFD72A3CC637 /* AvailabilityListView.swift in Sources */,
				E870BDB892A4F7CDB80E5AED /* Block.swift in Sources */,
				EAFBD4F3CD84BDFBA8B6BF46 /* BlockUserSheet.swift in Sources */,
				49C82B7E1D60CD595C3B3028 /* BlockedUsersView.swift in Sources */,
				829AFFB2EA7895898AAEEB72 /* CastBallotView.swift in Sources */,
				834E25801CF9FF0481592391 /* ContentView.swift in Sources */,
				6541638B56380FD8E58A88AD /* CreateAdventureSheet.swift in Sources */,
				141B37206F37DE1EAA73E881 /* CreateAvailabilitySheet.swift in Sources */,
				58DB2C7E9BB0CF2CBB1C3659 /* CreateEventSheet.swift in Sources */,
				37B3F6CDF5A9B2521B5FC175 /* CreatePoolSheet.swift in Sources */,
				F76D931971FF55968576BF27 /* CreateVoteSheet.swift in Sources */,
				5FDBBDF7C2239665F869B77D /* Data+Base64URL.swift in Sources */,
				61D3A25B9CE8286524C8B490 /* DebugSettingsView.swift in Sources */,
				3AC14857E91526BD475183C2 /* DiscoverView.swift in Sources */,
				A164C24DF28BAC6AB67AF06C /* DiscoveryService.swift in Sources */,
				BB5CE64832B53794D6ED21FB /* EmptyStateView.swift in Sources */,
				798AF65F5A37CF87EACF1DF7 /* Environment.swift in Sources */,
				0F95ADE898655BC66AD01B1B /* ErrorView.swift in Sources */,
				176CE54DB34C50C7AA50E1A0 /* Event.swift in Sources */,
				74BD97F2F62E07740CEDBA4D /* EventDetailView.swift in Sources */,
				A62C64BACE5EC56F0B713A11 /* EventListView.swift in Sources */,
				C20A3C9EAAD7FEC20DEDDAC0 /* EventRole.swift in Sources */,
				FAD40F5B0F7ECAF549FCC47B /* EventService.swift in Sources */,
				EB3DB8685D770C1AB96A2498 /* GrantTrustView.swift in Sources */,
				C9605944BBA2666DE14C93D1 /* Guild.swift in Sources */,
				DE814BFB5D390BB93016BB5B /* GuildDetailView.swift in Sources */,
				F6B221686A0DBE2CBF95590B /* GuildEventListView.swift in Sources */,
				31D7C7982477D981369DB3CE /* GuildListView.swift in Sources */,
				735856B20A9CFD814CADAB15 /* GuildService.swift in Sources */,
				FE41DCBA02733B11112FCE2F /* HelpView.swift in Sources */,
				30A3749EEBE326A6C0902DE6 /* Interest.swift in Sources */,
				4F44A5112061FA8D2D44A200 /* InterestsView.swift in Sources */,
				A34119AA9938A041B171896C /* LoadingView.swift in Sources */,
				02CF03B05D43B2FDFBF24D79 /* ModerationStatusView.swift in Sources */,
				23EE520D6CC98578E6F5620C /* NearbyAvailabilityView.swift in Sources */,
				F6E5E5A253E11195897E32CE /* NotificationSettingsView.swift in Sources */,
				518E83ADF016E58A096CF273 /* PKCEHelper.swift in Sources */,
				7940EA3B986693A887E57B0E /* PasskeyService.swift in Sources */,
				EF18D7E65365A358C6CDD9AA /* PasskeySetupView.swift in Sources */,
				87672D34E3F2C2539DEE5442 /* Person.swift in Sources */,
				B469DFB2BBF464287309868C /* PersonDetailView.swift in Sources */,
				7F4F6220D37AAAF715039E2D /* Pool.swift in Sources */,
				0BD4E6F1CE655DF5574814F3 /* PoolDetailView.swift in Sources */,
				57EF0368602D36F286B4A1C8 /* PoolListView.swift in Sources */,
				01CE7FC3DAB405E16E649539 /* PoolPreferencesSheet.swift in Sources */,
				97FEAFDFEBF6F5249CD186FF /* PrivacySettingsView.swift in Sources */,
				A1A4691FCC38A736B2EF3545 /* Profile.swift in Sources */,
				1AFA82B9CE9FA85393895A52 /* ProfileEditView.swift in Sources */,
				1208FC448D2EF04E70979C22 /* ProfileService.swift in Sources */,
				4C83EEFD7B678A15BFDDCF28 /* PublicProfileView.swift in Sources */,
				5A02F60324215258B5C76BD3 /* Questionnaire.swift in Sources */,
				B17C8D687C56112F25B5C1A9 /* QuestionnaireListView.swift in Sources */,
				0559667A8EE3E1500C672852 /* QuestionnaireView.swift in Sources */,
				FBD9B7354D1A327440116DA5 /* Report.swift in Sources */,
				C91FBD2CAE30EA53BCA5B209 /* ReportUserSheet.swift in Sources */,
				4BC37D55E20163C348FFF521 /* RequestIRLView.swift in Sources */,
				B9E8FC4AEC78A738212A7836 /* Resonance.swift in Sources */,
				404D2E7458A6DCAB3D8B55A5 /* ResonanceLeaderboardView.swift in Sources */,
				AEAE6ED76E2FE90DF2D52814 /* ResonanceView.swift in Sources */,
				9B4BC84C7E2E1C18DB01E6BC /* Review.swift in Sources */,
				5F033E7EFD0F1CD1D2BA9F77 /* RoleCatalog.swift in Sources */,
				84A95347F4120DFAB2B7F5A3 /* SSEClient.swift in Sources */,
				30F73BAED1FD1468C9E1098E /* SagaApp.swift in Sources */,
				671FE794C1946B0BC1A3E7AD /* SettingsView.swift in Sources */,
				0B2CE6E7F6CDABB1A756E932 /* Timer.swift in Sources */,
				A976C8CA72E2F217BD36F181 /* TimerCard.swift in Sources */,
				CFE2ED475CC39041832272EA /* Trust.swift in Sources */,
				35AE8B21AC615D0B686862AA /* TrustManagementView.swift in Sources */,
				CE7300593361B686DBC9B262 /* User.swift in Sources */,
				DE4C74F6D5F4D6DFEA4D05AB /* Vote.swift in Sources */,
				89798D51BD9B129D45CAEC92 /* VoteDetailView.swift in Sources */,
				1436FB84EFD8D5D8C2CF399E /* VoteListView.swift in Sources */,
			);
			runOnlyForDeploymentPostprocessing = 0;
		};
		3A146F8B5B6E937F4DCA71CB /* Sources */ = {
			isa = PBXSourcesBuildPhase;
			buildActionMask = 2147483647;
			files = (
				72A76C53A7E5611230B1AC5B /* AccessibilityIdentifiers.swift in Sources */,
				4D2139225AE4E09E203EE7F2 /* AdventureTests.swift in Sources */,
				C4B9B6759FA7B0C014FEEC47 /* AuthPage.swift in Sources */,
				51B2FCBB0D419DE86CE0586D /* BasePage.swift in Sources */,
				89D48BED7A6B82D59C630944 /* CoreJourneyTests.swift in Sources */,
				14AF40C71C890EF839ED2911 /* CreateEventPage.swift in Sources */,
				4FBE0B22C6C38282E55E218A /* DiscoverPage.swift in Sources */,
				96A05E7BFA91776A49C3EE8E /* DiscoveryTests.swift in Sources */,
				FD106B579865F0DB52A4CB33 /* EventDetailPage.swift in Sources */,
				C482979DD6DFFAE0CDDFCF90 /* EventListPage.swift in Sources */,
				803F0EAE80A0C32BD624AB9A /* EventListTests.swift in Sources */,
				2B4135CC5646441FF350F3B1 /* GuildListPage.swift in Sources */,
				E73673103F7C83881E328B63 /* GuildListTests.swift in Sources */,
				F28CDF9BCB7F0F2935FA79F6 /* GuildLoadingDebugTest.swift in Sources */,
				68B1B3274079CA31A5FD0E85 /* LoginHelper.swift in Sources */,
				2C7163181F42F5DDF3D8E6C9 /* LoginTests.swift in Sources */,
				F5082F11DE232AFDABB23813 /* PoolTests.swift in Sources */,
				53939323225982D08270D8C8 /* ProfileTests.swift in Sources */,
				4186BEFE06A07EC995844B05 /* SagaUITestCase.swift in Sources */,
				8A1A56279F844679B250F175 /* TabBarPage.swift in Sources */,
				9BBE5CF1947D45E5E46DE563 /* TestConfiguration.swift in Sources */,
				8993568C5A54015B5C24BD30 /* TestUsers.swift in Sources */,
				B18B72B025B335178099BA6A /* WaitHelpers.swift in Sources */,
				E325BC39C098DF9644312B2C /* MultiAppHelper.swift in Sources */,
				1C801459649E104DED0D2425 /* SequentialUserTests.swift in Sources */,
				CD3447E424AED87F20D3BCB3 /* DualAppTests.swift in Sources */,
				90CB306F12C2F6FB5910D9E0 /* RealTimeSyncTests.swift in Sources */,
				EC8610227F51290B893ECD9F /* TrustTests.swift in Sources */,
				1F0736C63257E711906CD132 /* VoteTests.swift in Sources */,
			);
			runOnlyForDeploymentPostprocessing = 0;
		};
		95FA5E851D7AD644DDF21738 /* Sources */ = {
			isa = PBXSourcesBuildPhase;
			buildActionMask = 2147483647;
			files = (
				13A7DE7A9FF077C5359881A6 /* SagaTests.swift in Sources */,
				909CC3B09B8E33E65709415D /* APIClientTests.swift in Sources */,
				E3672805C15030963051FCA8 /* AuthServiceTests.swift in Sources */,
			);
			runOnlyForDeploymentPostprocessing = 0;
		};
/* End PBXSourcesBuildPhase section */

/* Begin PBXTargetDependency section */
		52FE003B9D2D79E49FEAE015 /* PBXTargetDependency */ = {
			isa = PBXTargetDependency;
			target = E8F2EED0D73788E0023DF5AB /* Saga */;
			targetProxy = EE2484F331C29EBAA91F1595 /* PBXContainerItemProxy */;
		};
		9BFC4346ACF5D64F964F591D /* PBXTargetDependency */ = {
			isa = PBXTargetDependency;
			target = E8F2EED0D73788E0023DF5AB /* Saga */;
			targetProxy = F7E886A8B992D65ECDD89C17 /* PBXContainerItemProxy */;
		};
/* End PBXTargetDependency section */

/* Begin XCBuildConfiguration section */
		02A794919B2BF140DCFB50B2 /* Release */ = {
			isa = XCBuildConfiguration;
			buildSettings = {
				ALWAYS_SEARCH_USER_PATHS = NO;
				CLANG_ANALYZER_NONNULL = YES;
				CLANG_ANALYZER_NUMBER_OBJECT_CONVERSION = YES_AGGRESSIVE;
				CLANG_CXX_LANGUAGE_STANDARD = "gnu++14";
				CLANG_CXX_LIBRARY = "libc++";
				CLANG_ENABLE_MODULES = YES;
				CLANG_ENABLE_OBJC_ARC = YES;
				CLANG_ENABLE_OBJC_WEAK = YES;
				CLANG_WARN_BLOCK_CAPTURE_AUTORELEASING = YES;
				CLANG_WARN_BOOL_CONVERSION = YES;
				CLANG_WARN_COMMA = YES;
				CLANG_WARN_CONSTANT_CONVERSION = YES;
				CLANG_WARN_DEPRECATED_OBJC_IMPLEMENTATIONS = YES;
				CLANG_WARN_DIRECT_OBJC_ISA_USAGE = YES_ERROR;
				CLANG_WARN_DOCUMENTATION_COMMENTS = YES;
				CLANG_WARN_EMPTY_BODY = YES;
				CLANG_WARN_ENUM_CONVERSION = YES;
				CLANG_WARN_INFINITE_RECURSION = YES;
				CLANG_WARN_INT_CONVERSION = YES;
				CLANG_WARN_NON_LITERAL_NULL_CONVERSION = YES;
				CLANG_WARN_OBJC_IMPLICIT_RETAIN_SELF = YES;
				CLANG_WARN_OBJC_LITERAL_CONVERSION = YES;
				CLANG_WARN_OBJC_ROOT_CLASS = YES_ERROR;
				CLANG_WARN_QUOTED_INCLUDE_IN_FRAMEWORK_HEADER = YES;
				CLANG_WARN_RANGE_LOOP_ANALYSIS = YES;
				CLANG_WARN_STRICT_PROTOTYPES = YES;
				CLANG_WARN_SUSPICIOUS_MOVE = YES;
				CLANG_WARN_UNGUARDED_AVAILABILITY = YES_AGGRESSIVE;
				CLANG_WARN_UNREACHABLE_CODE = YES;
				CLANG_WARN__DUPLICATE_METHOD_MATCH = YES;
				COPY_PHASE_STRIP = NO;
				DEBUG_INFORMATION_FORMAT = "dwarf-with-dsym";
				ENABLE_NS_ASSERTIONS = NO;
				ENABLE_STRICT_OBJC_MSGSEND = YES;
				ENABLE_USER_SCRIPT_SANDBOXING = NO;
				GCC_C_LANGUAGE_STANDARD = gnu11;
				GCC_NO_COMMON_BLOCKS = YES;
				GCC_WARN_64_TO_32_BIT_CONVERSION = YES;
				GCC_WARN_ABOUT_RETURN_TYPE = YES_ERROR;
				GCC_WARN_UNDECLARED_SELECTOR = YES;
				GCC_WARN_UNINITIALIZED_AUTOS = YES_AGGRESSIVE;
				GCC_WARN_UNUSED_FUNCTION = YES;
				GCC_WARN_UNUSED_VARIABLE = YES;
				IPHONEOS_DEPLOYMENT_TARGET = 17.0;
				MTL_ENABLE_DEBUG_INFO = NO;
				MTL_FAST_MATH = YES;
				PRODUCT_NAME = "$(TARGET_NAME)";
				SDKROOT = iphoneos;
				SWIFT_COMPILATION_MODE = wholemodule;
				SWIFT_OPTIMIZATION_LEVEL = "-O";
				SWIFT_VERSION = 6.0;
			};
			name = Release;
		};
		307FDA73B27EDE2392BE0F43 /* Release */ = {
			isa = XCBuildConfiguration;
			buildSettings = {
				BUNDLE_LOADER = "$(TEST_HOST)";
				GENERATE_INFOPLIST_FILE = YES;
				LD_RUNPATH_SEARCH_PATHS = (
					"$(inherited)",
					"@executable_path/Frameworks",
					"@loader_path/Frameworks",
				);
				PRODUCT_BUNDLE_IDENTIFIER = app.saga.uitests;
				SDKROOT = iphoneos;
				TARGETED_DEVICE_FAMILY = "1,2";
				TEST_TARGET_NAME = Saga;
			};
			name = Release;
		};
		6B2FFB08BF84B20646430A6F /* Debug */ = {
			isa = XCBuildConfiguration;
			buildSettings = {
				ALWAYS_SEARCH_USER_PATHS = NO;
				CLANG_ANALYZER_NONNULL = YES;
				CLANG_ANALYZER_NUMBER_OBJECT_CONVERSION = YES_AGGRESSIVE;
				CLANG_CXX_LANGUAGE_STANDARD = "gnu++14";
				CLANG_CXX_LIBRARY = "libc++";
				CLANG_ENABLE_MODULES = YES;
				CLANG_ENABLE_OBJC_ARC = YES;
				CLANG_ENABLE_OBJC_WEAK = YES;
				CLANG_WARN_BLOCK_CAPTURE_AUTORELEASING = YES;
				CLANG_WARN_BOOL_CONVERSION = YES;
				CLANG_WARN_COMMA = YES;
				CLANG_WARN_CONSTANT_CONVERSION = YES;
				CLANG_WARN_DEPRECATED_OBJC_IMPLEMENTATIONS = YES;
				CLANG_WARN_DIRECT_OBJC_ISA_USAGE = YES_ERROR;
				CLANG_WARN_DOCUMENTATION_COMMENTS = YES;
				CLANG_WARN_EMPTY_BODY = YES;
				CLANG_WARN_ENUM_CONVERSION = YES;
				CLANG_WARN_INFINITE_RECURSION = YES;
				CLANG_WARN_INT_CONVERSION = YES;
				CLANG_WARN_NON_LITERAL_NULL_CONVERSION = YES;
				CLANG_WARN_OBJC_IMPLICIT_RETAIN_SELF = YES;
				CLANG_WARN_OBJC_LITERAL_CONVERSION = YES;
				CLANG_WARN_OBJC_ROOT_CLASS = YES_ERROR;
				CLANG_WARN_QUOTED_INCLUDE_IN_FRAMEWORK_HEADER = YES;
				CLANG_WARN_RANGE_LOOP_ANALYSIS = YES;
				CLANG_WARN_STRICT_PROTOTYPES = YES;
				CLANG_WARN_SUSPICIOUS_MOVE = YES;
				CLANG_WARN_UNGUARDED_AVAILABILITY = YES_AGGRESSIVE;
				CLANG_WARN_UNREACHABLE_CODE = YES;
				CLANG_WARN__DUPLICATE_METHOD_MATCH = YES;
				COPY_PHASE_STRIP = NO;
				DEBUG_INFORMATION_FORMAT = dwarf;
				ENABLE_STRICT_OBJC_MSGSEND = YES;
				ENABLE_TESTABILITY = YES;
				ENABLE_USER_SCRIPT_SANDBOXING = NO;
				GCC_C_LANGUAGE_STANDARD = gnu11;
				GCC_DYNAMIC_NO_PIC = NO;
				GCC_NO_COMMON_BLOCKS = YES;
				GCC_OPTIMIZATION_LEVEL = 0;
				GCC_PREPROCESSOR_DEFINITIONS = (
					"$(inherited)",
					"DEBUG=1",
				);
				GCC_WARN_64_TO_32_BIT_CONVERSION = YES;
				GCC_WARN_ABOUT_RETURN_TYPE = YES_ERROR;
				GCC_WARN_UNDECLARED_SELECTOR = YES;
				GCC_WARN_UNINITIALIZED_AUTOS = YES_AGGRESSIVE;
				GCC_WARN_UNUSED_FUNCTION = YES;
				GCC_WARN_UNUSED_VARIABLE = YES;
				IPHONEOS_DEPLOYMENT_TARGET = 17.0;
				MTL_ENABLE_DEBUG_INFO = INCLUDE_SOURCE;
				MTL_FAST_MATH = YES;
				ONLY_ACTIVE_ARCH = YES;
				PRODUCT_NAME = "$(TARGET_NAME)";
				SDKROOT = iphoneos;
				SWIFT_ACTIVE_COMPILATION_CONDITIONS = DEBUG;
				SWIFT_OPTIMIZATION_LEVEL = "-Onone";
				SWIFT_VERSION = 6.0;
			};
			name = Debug;
		};
		75FED606E1BC56B03AB7E97D /* Release */ = {
			isa = XCBuildConfiguration;
			buildSettings = {
				ASSETCATALOG_COMPILER_APPICON_NAME = AppIcon;
				CODE_SIGN_IDENTITY = "iPhone Developer";
				CODE_SIGN_STYLE = Automatic;
				DEVELOPMENT_TEAM = "";
				INFOPLIST_FILE = Info.plist;
				LD_RUNPATH_SEARCH_PATHS = (
					"$(inherited)",
					"@executable_path/Frameworks",
				);
				PRODUCT_BUNDLE_IDENTIFIER = app.saga.ios;
				SDKROOT = iphoneos;
				TARGETED_DEVICE_FAMILY = "1,2";
			};
			name = Release;
		};
		AC87698F76378C469EDBECCB /* Debug */ = {
			isa = XCBuildConfiguration;
			buildSettings = {
				ASSETCATALOG_COMPILER_APPICON_NAME = AppIcon;
				CODE_SIGN_IDENTITY = "iPhone Developer";
				CODE_SIGN_STYLE = Automatic;
				DEVELOPMENT_TEAM = "";
				INFOPLIST_FILE = Info.plist;
				LD_RUNPATH_SEARCH_PATHS = (
					"$(inherited)",
					"@executable_path/Frameworks",
				);
				PRODUCT_BUNDLE_IDENTIFIER = app.saga.ios;
				SDKROOT = iphoneos;
				TARGETED_DEVICE_FAMILY = "1,2";
			};
			name = Debug;
		};
		C271E31FDCF90DC4B9393051 /* Debug */ = {
			isa = XCBuildConfiguration;
			buildSettings = {
				BUNDLE_LOADER = "$(TEST_HOST)";
				GENERATE_INFOPLIST_FILE = YES;
				LD_RUNPATH_SEARCH_PATHS = (
					"$(inherited)",
					"@executable_path/Frameworks",
					"@loader_path/Frameworks",
				);
				PRODUCT_BUNDLE_IDENTIFIER = app.saga.uitests;
				SDKROOT = iphoneos;
				TARGETED_DEVICE_FAMILY = "1,2";
				TEST_TARGET_NAME = Saga;
			};
			name = Debug;
		};
		DB5FF6249E955870A802FDBB /* Release */ = {
			isa = XCBuildConfiguration;
			buildSettings = {
				BUNDLE_LOADER = "$(TEST_HOST)";
				GENERATE_INFOPLIST_FILE = YES;
				LD_RUNPATH_SEARCH_PATHS = (
					"$(inherited)",
					"@executable_path/Frameworks",
					"@loader_path/Frameworks",
				);
				PRODUCT_BUNDLE_IDENTIFIER = app.saga.tests;
				SDKROOT = iphoneos;
				TARGETED_DEVICE_FAMILY = "1,2";
				TEST_HOST = "$(BUILT_PRODUCTS_DIR)/Saga.app/Saga";
			};
			name = Release;
		};
		E8418031FDF525D942895FED /* Debug */ = {
			isa = XCBuildConfiguration;
			buildSettings = {
				BUNDLE_LOADER = "$(TEST_HOST)";
				GENERATE_INFOPLIST_FILE = YES;
				LD_RUNPATH_SEARCH_PATHS = (
					"$(inherited)",
					"@executable_path/Frameworks",
					"@loader_path/Frameworks",
				);
				PRODUCT_BUNDLE_IDENTIFIER = app.saga.tests;
				SDKROOT = iphoneos;
				TARGETED_DEVICE_FAMILY = "1,2";
				TEST_HOST = "$(BUILT_PRODUCTS_DIR)/Saga.app/Saga";
			};
			name = Debug;
		};
/* End XCBuildConfiguration section */

/* Begin XCConfigurationList section */
		5014D501D0B5C1CFEC9CC069 /* Build configuration list for PBXNativeTarget "Saga" */ = {
			isa = XCConfigurationList;
			buildConfigurations = (
				AC87698F76378C469EDBECCB /* Debug */,
				75FED606E1BC56B03AB7E97D /* Release */,
			);
			defaultConfigurationIsVisible = 0;
			defaultConfigurationName = Debug;
		};
		84857570C511612DD5B512C7 /* Build configuration list for PBXNativeTarget "SagaTests" */ = {
			isa = XCConfigurationList;
			buildConfigurations = (
				E8418031FDF525D942895FED /* Debug */,
				DB5FF6249E955870A802FDBB /* Release */,
			);
			defaultConfigurationIsVisible = 0;
			defaultConfigurationName = Debug;
		};
		935346E326D05806F434D007 /* Build configuration list for PBXProject "Saga" */ = {
			isa = XCConfigurationList;
			buildConfigurations = (
				6B2FFB08BF84B20646430A6F /* Debug */,
				02A794919B2BF140DCFB50B2 /* Release */,
			);
			defaultConfigurationIsVisible = 0;
			defaultConfigurationName = Debug;
		};
		C1B8240DE9E46C0B6D6CE491 /* Build configuration list for PBXNativeTarget "SagaUITests" */ = {
			isa = XCConfigurationList;
			buildConfigurations = (
				C271E31FDCF90DC4B9393051 /* Debug */,
				307FDA73B27EDE2392BE0F43 /* Release */,
			);
			defaultConfigurationIsVisible = 0;
			defaultConfigurationName = Debug;
		};
/* End XCConfigurationList section */

/* Begin XCRemoteSwiftPackageReference section */
		BC13AED2DC3D66E279A52190 /* XCRemoteSwiftPackageReference "KeychainAccess" */ = {
			isa = XCRemoteSwiftPackageReference;
			repositoryURL = "https://github.com/kishikawakatsumi/KeychainAccess.git";
			requirement = {
				kind = upToNextMajorVersion;
				minimumVersion = 4.2.2;
			};
		};
/* End XCRemoteSwiftPackageReference section */

/* Begin XCSwiftPackageProductDependency section */
		ABCF0FD44C55153B8E94FEBA /* KeychainAccess */ = {
			isa = XCSwiftPackageProductDependency;
			package = BC13AED2DC3D66E279A52190 /* XCRemoteSwiftPackageReference "KeychainAccess" */;
			productName = KeychainAccess;
		};
/* End XCSwiftPackageProductDependency section */
	};
	rootObject = B649681C041D8D26AD77FD65 /* Project object */;
}
